// !$*UTF8*$!
{
	archiveVersion = 1;
	classes = {
	};
	objectVersion = 46;
	objects = {

/* Begin PBXBuildFile section */
		F018545F1E8D48F0007F1C90 /* UMTRootViewController.m in Sources */ = {isa = PBXBuildFile; fileRef = F018545E1E8D48F0007F1C90 /* UMTRootViewController.m */; };
		F018546B1E8D4A94007F1C90 /* UMTBaseRequest.m in Sources */ = {isa = PBXBuildFile; fileRef = F018546A1E8D4A94007F1C90 /* UMTBaseRequest.m */; };
		F0A1D28A1E8D3E68000E7EE5 /* main.m in Sources */ = {isa = PBXBuildFile; fileRef = F0A1D2891E8D3E68000E7EE5 /* main.m */; };
		F0A1D2A71E8D40DB000E7EE5 /* AppDelegate.m in Sources */ = {isa = PBXBuildFile; fileRef = F0A1D2A61E8D40DB000E7EE5 /* AppDelegate.m */; };
		F0A1D2AB1E8D40E7000E7EE5 /* LaunchScreen.storyboard in Resources */ = {isa = PBXBuildFile; fileRef = F0A1D2A91E8D40E7000E7EE5 /* LaunchScreen.storyboard */; };
		F0A1D2AC1E8D40E7000E7EE5 /* Main.storyboard in Resources */ = {isa = PBXBuildFile; fileRef = F0A1D2AA1E8D40E7000E7EE5 /* Main.storyboard */; };
		F0A1D2AF1E8D41A3000E7EE5 /* Assets.xcassets in Resources */ = {isa = PBXBuildFile; fileRef = F0A1D2AE1E8D41A3000E7EE5 /* Assets.xcassets */; };
/* End PBXBuildFile section */

/* Begin PBXFileReference section */
		F018545D1E8D48F0007F1C90 /* UMTRootViewController.h */ = {isa = PBXFileReference; fileEncoding = 4; lastKnownFileType = sourcecode.c.h; path = UMTRootViewController.h; sourceTree = "<group>"; };
		F018545E1E8D48F0007F1C90 /* UMTRootViewController.m */ = {isa = PBXFileReference; fileEncoding = 4; lastKnownFileType = sourcecode.c.objc; path = UMTRootViewController.m; sourceTree = "<group>"; };
		F01854691E8D4A94007F1C90 /* UMTBaseRequest.h */ = {isa = PBXFileReference; fileEncoding = 4; lastKnownFileType = sourcecode.c.h; path = UMTBaseRequest.h; sourceTree = "<group>"; };
		F018546A1E8D4A94007F1C90 /* UMTBaseRequest.m */ = {isa = PBXFileReference; fileEncoding = 4; lastKnownFileType = sourcecode.c.objc; path = UMTBaseRequest.m; sourceTree = "<group>"; };
		F0A1D2851E8D3E68000E7EE5 /* Meetyou.app */ = {isa = PBXFileReference; explicitFileType = wrapper.application; includeInIndex = 0; path = Meetyou.app; sourceTree = BUILT_PRODUCTS_DIR; };
		F0A1D2891E8D3E68000E7EE5 /* main.m */ = {isa = PBXFileReference; lastKnownFileType = sourcecode.c.objc; path = main.m; sourceTree = "<group>"; };
		F0A1D2991E8D3E68000E7EE5 /* Info.plist */ = {isa = PBXFileReference; lastKnownFileType = text.plist.xml; path = Info.plist; sourceTree = "<group>"; };
		F0A1D2A51E8D40DB000E7EE5 /* AppDelegate.h */ = {isa = PBXFileReference; fileEncoding = 4; lastKnownFileType = sourcecode.c.h; path = AppDelegate.h; sourceTree = "<group>"; };
		F0A1D2A61E8D40DB000E7EE5 /* AppDelegate.m */ = {isa = PBXFileReference; fileEncoding = 4; lastKnownFileType = sourcecode.c.objc; path = AppDelegate.m; sourceTree = "<group>"; };
		F0A1D2A91E8D40E7000E7EE5 /* LaunchScreen.storyboard */ = {isa = PBXFileReference; fileEncoding = 4; lastKnownFileType = file.storyboard; path = LaunchScreen.storyboard; sourceTree = "<group>"; };
		F0A1D2AA1E8D40E7000E7EE5 /* Main.storyboard */ = {isa = PBXFileReference; fileEncoding = 4; lastKnownFileType = file.storyboard; path = Main.storyboard; sourceTree = "<group>"; };
		F0A1D2AE1E8D41A3000E7EE5 /* Assets.xcassets */ = {isa = PBXFileReference; lastKnownFileType = folder.assetcatalog; path = Assets.xcassets; sourceTree = "<group>"; };
/* End PBXFileReference section */

/* Begin PBXFrameworksBuildPhase section */
		F0A1D2821E8D3E68000E7EE5 /* Frameworks */ = {
			isa = PBXFrameworksBuildPhase;
			buildActionMask = 2147483647;
			files = (
			);
			runOnlyForDeploymentPostprocessing = 0;
		};
/* End PBXFrameworksBuildPhase section */

/* Begin PBXGroup section */
		F01854521E8D46FA007F1C90 /* General */ = {
			isa = PBXGroup;
			children = (
			);
			path = General;
			sourceTree = "<group>";
		};
		F01854531E8D46FA007F1C90 /* Helper */ = {
			isa = PBXGroup;
			children = (
			);
			path = Helper;
			sourceTree = "<group>";
		};
		F01854541E8D46FA007F1C90 /* MainClasses */ = {
			isa = PBXGroup;
			children = (
				F01854551E8D46FA007F1C90 /* Controllers */,
				F01854561E8D46FA007F1C90 /* Models */,
				F01854571E8D46FA007F1C90 /* Views */,
			);
			path = MainClasses;
			sourceTree = "<group>";
		};
		F01854551E8D46FA007F1C90 /* Controllers */ = {
			isa = PBXGroup;
			children = (
				F01854601E8D498A007F1C90 /* Activity */,
				F01854611E8D498A007F1C90 /* Message */,
				F01854621E8D498A007F1C90 /* Setting */,
				F01854591E8D4845007F1C90 /* Login */,
				F018545A1E8D4845007F1C90 /* Register */,
			);
			path = Controllers;
			sourceTree = "<group>";
		};
		F01854561E8D46FA007F1C90 /* Models */ = {
			isa = PBXGroup;
			children = (
				F01854631E8D49B1007F1C90 /* Activity */,
				F01854641E8D49B1007F1C90 /* Message */,
				F01854651E8D49B1007F1C90 /* Setting */,
				F018545B1E8D4850007F1C90 /* Login */,
				F018545C1E8D4850007F1C90 /* Register */,
			);
			path = Models;
			sourceTree = "<group>";
		};
		F01854571E8D46FA007F1C90 /* Views */ = {
			isa = PBXGroup;
			children = (
				F01854661E8D49CB007F1C90 /* Activity */,
				F01854671E8D49CB007F1C90 /* Message */,
				F01854681E8D49CB007F1C90 /* Setting */,
			);
			path = Views;
			sourceTree = "<group>";
		};
		F01854581E8D46FA007F1C90 /* Request */ = {
			isa = PBXGroup;
			children = (
				F01854691E8D4A94007F1C90 /* UMTBaseRequest.h */,
				F018546A1E8D4A94007F1C90 /* UMTBaseRequest.m */,
			);
			path = Request;
			sourceTree = "<group>";
		};
		F01854591E8D4845007F1C90 /* Login */ = {
			isa = PBXGroup;
			children = (
			);
			path = Login;
			sourceTree = "<group>";
		};
		F018545A1E8D4845007F1C90 /* Register */ = {
			isa = PBXGroup;
			children = (
			);
			path = Register;
			sourceTree = "<group>";
		};
		F018545B1E8D4850007F1C90 /* Login */ = {
			isa = PBXGroup;
			children = (
			);
			path = Login;
			sourceTree = "<group>";
		};
		F018545C1E8D4850007F1C90 /* Register */ = {
			isa = PBXGroup;
			children = (
			);
			path = Register;
			sourceTree = "<group>";
		};
		F01854601E8D498A007F1C90 /* Activity */ = {
			isa = PBXGroup;
			children = (
			);
			name = Activity;
			path = Register/Activity;
			sourceTree = "<group>";
		};
		F01854611E8D498A007F1C90 /* Message */ = {
			isa = PBXGroup;
			children = (
			);
			name = Message;
			path = Register/Message;
			sourceTree = "<group>";
		};
		F01854621E8D498A007F1C90 /* Setting */ = {
			isa = PBXGroup;
			children = (
			);
			name = Setting;
			path = Register/Setting;
			sourceTree = "<group>";
		};
		F01854631E8D49B1007F1C90 /* Activity */ = {
			isa = PBXGroup;
			children = (
			);
			name = Activity;
			path = Register/Activity;
			sourceTree = "<group>";
		};
		F01854641E8D49B1007F1C90 /* Message */ = {
			isa = PBXGroup;
			children = (
			);
			name = Message;
			path = Register/Message;
			sourceTree = "<group>";
		};
		F01854651E8D49B1007F1C90 /* Setting */ = {
			isa = PBXGroup;
			children = (
			);
			name = Setting;
			path = Register/Setting;
			sourceTree = "<group>";
		};
		F01854661E8D49CB007F1C90 /* Activity */ = {
			isa = PBXGroup;
			children = (
			);
			path = Activity;
			sourceTree = "<group>";
		};
		F01854671E8D49CB007F1C90 /* Message */ = {
			isa = PBXGroup;
			children = (
			);
			path = Message;
			sourceTree = "<group>";
		};
		F01854681E8D49CB007F1C90 /* Setting */ = {
			isa = PBXGroup;
			children = (
			);
			path = Setting;
			sourceTree = "<group>";
		};
		F0A1D27C1E8D3E68000E7EE5 = {
			isa = PBXGroup;
			children = (
				F0A1D2871E8D3E68000E7EE5 /* U米兔 */,
				F0A1D2861E8D3E68000E7EE5 /* Products */,
			);
			sourceTree = "<group>";
		};
		F0A1D2861E8D3E68000E7EE5 /* Products */ = {
			isa = PBXGroup;
			children = (
				F0A1D2851E8D3E68000E7EE5 /* Meetyou.app */,
			);
			name = Products;
			sourceTree = "<group>";
		};
		F0A1D2871E8D3E68000E7EE5 /* U米兔 */ = {
			isa = PBXGroup;
			children = (
				F0A1D2A41E8D40DB000E7EE5 /* AppDelegate */,
				F01854521E8D46FA007F1C90 /* General */,
				F01854531E8D46FA007F1C90 /* Helper */,
				F01854541E8D46FA007F1C90 /* MainClasses */,
				F01854581E8D46FA007F1C90 /* Request */,
				F0A1D2AD1E8D41A3000E7EE5 /* Resource */,
				F0A1D2A81E8D40E7000E7EE5 /* Root */,
				F0A1D2991E8D3E68000E7EE5 /* Info.plist */,
				F0A1D2881E8D3E68000E7EE5 /* Supporting Files */,
			);
			path = "U米兔";
			sourceTree = "<group>";
		};
		F0A1D2881E8D3E68000E7EE5 /* Supporting Files */ = {
			isa = PBXGroup;
			children = (
				F0A1D2891E8D3E68000E7EE5 /* main.m */,
			);
			name = "Supporting Files";
			sourceTree = "<group>";
		};
		F0A1D2A41E8D40DB000E7EE5 /* AppDelegate */ = {
			isa = PBXGroup;
			children = (
				F0A1D2A51E8D40DB000E7EE5 /* AppDelegate.h */,
				F0A1D2A61E8D40DB000E7EE5 /* AppDelegate.m */,
			);
			path = AppDelegate;
			sourceTree = "<group>";
		};
		F0A1D2A81E8D40E7000E7EE5 /* Root */ = {
			isa = PBXGroup;
			children = (
				F0A1D2A91E8D40E7000E7EE5 /* LaunchScreen.storyboard */,
				F0A1D2AA1E8D40E7000E7EE5 /* Main.storyboard */,
				F018545D1E8D48F0007F1C90 /* UMTRootViewController.h */,
				F018545E1E8D48F0007F1C90 /* UMTRootViewController.m */,
			);
			name = Root;
			path = AppDelegate/Root;
			sourceTree = "<group>";
		};
		F0A1D2AD1E8D41A3000E7EE5 /* Resource */ = {
			isa = PBXGroup;
			children = (
				F0A1D2AE1E8D41A3000E7EE5 /* Assets.xcassets */,
			);
			path = Resource;
			sourceTree = "<group>";
		};
/* End PBXGroup section */

/* Begin PBXNativeTarget section */
		F0A1D2841E8D3E68000E7EE5 /* Meetyou */ = {
			isa = PBXNativeTarget;
			buildConfigurationList = F0A1D29C1E8D3E68000E7EE5 /* Build configuration list for PBXNativeTarget "Meetyou" */;
			buildPhases = (
				F0A1D2811E8D3E68000E7EE5 /* Sources */,
				F0A1D2821E8D3E68000E7EE5 /* Frameworks */,
				F0A1D2831E8D3E68000E7EE5 /* Resources */,
			);
			buildRules = (
			);
			dependencies = (
			);
			name = Meetyou;
			productName = "U米兔";
			productReference = F0A1D2851E8D3E68000E7EE5 /* Meetyou.app */;
			productType = "com.apple.product-type.application";
		};
/* End PBXNativeTarget section */

/* Begin PBXProject section */
		F0A1D27D1E8D3E68000E7EE5 /* Project object */ = {
			isa = PBXProject;
			attributes = {
				CLASSPREFIX = UMT;
				LastUpgradeCheck = 0830;
				ORGANIZATIONNAME = RhettTamp;
				TargetAttributes = {
					F0A1D2841E8D3E68000E7EE5 = {
						CreatedOnToolsVersion = 8.3;
						DevelopmentTeam = 6F2P7ZWTTE;
						ProvisioningStyle = Automatic;
					};
				};
			};
			buildConfigurationList = F0A1D2801E8D3E68000E7EE5 /* Build configuration list for PBXProject "U米兔" */;
			compatibilityVersion = "Xcode 3.2";
			developmentRegion = English;
			hasScannedForEncodings = 0;
			knownRegions = (
				en,
				Base,
			);
			mainGroup = F0A1D27C1E8D3E68000E7EE5;
			productRefGroup = F0A1D2861E8D3E68000E7EE5 /* Products */;
			projectDirPath = "";
			projectRoot = "";
			targets = (
				F0A1D2841E8D3E68000E7EE5 /* Meetyou */,
			);
		};
/* End PBXProject section */

/* Begin PBXResourcesBuildPhase section */
		F0A1D2831E8D3E68000E7EE5 /* Resources */ = {
			isa = PBXResourcesBuildPhase;
			buildActionMask = 2147483647;
			files = (
				F0A1D2AC1E8D40E7000E7EE5 /* Main.storyboard in Resources */,
				F0A1D2AF1E8D41A3000E7EE5 /* Assets.xcassets in Resources */,
				F0A1D2AB1E8D40E7000E7EE5 /* LaunchScreen.storyboard in Resources */,
			);
			runOnlyForDeploymentPostprocessing = 0;
		};
/* End PBXResourcesBuildPhase section */

/* Begin PBXSourcesBuildPhase section */
		F0A1D2811E8D3E68000E7EE5 /* Sources */ = {
			isa = PBXSourcesBuildPhase;
			buildActionMask = 2147483647;
			files = (
				F0A1D2A71E8D40DB000E7EE5 /* AppDelegate.m in Sources */,
				F018546B1E8D4A94007F1C90 /* UMTBaseRequest.m in Sources */,
				F0A1D28A1E8D3E68000E7EE5 /* main.m in Sources */,
				F018545F1E8D48F0007F1C90 /* UMTRootViewController.m in Sources */,
			);
			runOnlyForDeploymentPostprocessing = 0;
		};
/* End PBXSourcesBuildPhase section */

/* Begin XCBuildConfiguration section */
		F0A1D29A1E8D3E68000E7EE5 /* Debug */ = {
			isa = XCBuildConfiguration;
			buildSettings = {
				ALWAYS_SEARCH_USER_PATHS = NO;
				CLANG_ANALYZER_NONNULL = YES;
				CLANG_ANALYZER_NUMBER_OBJECT_CONVERSION = YES_AGGRESSIVE;
				CLANG_CXX_LANGUAGE_STANDARD = "gnu++0x";
				CLANG_CXX_LIBRARY = "libc++";
				CLANG_ENABLE_MODULES = YES;
				CLANG_ENABLE_OBJC_ARC = YES;
				CLANG_WARN_BOOL_CONVERSION = YES;
				CLANG_WARN_CONSTANT_CONVERSION = YES;
				CLANG_WARN_DIRECT_OBJC_ISA_USAGE = YES_ERROR;
				CLANG_WARN_DOCUMENTATION_COMMENTS = YES;
				CLANG_WARN_EMPTY_BODY = YES;
				CLANG_WARN_ENUM_CONVERSION = YES;
				CLANG_WARN_INFINITE_RECURSION = YES;
				CLANG_WARN_INT_CONVERSION = YES;
				CLANG_WARN_OBJC_ROOT_CLASS = YES_ERROR;
				CLANG_WARN_SUSPICIOUS_MOVE = YES;
				CLANG_WARN_UNREACHABLE_CODE = YES;
				CLANG_WARN__DUPLICATE_METHOD_MATCH = YES;
				"CODE_SIGN_IDENTITY[sdk=iphoneos*]" = "iPhone Developer";
				COPY_PHASE_STRIP = NO;
				DEBUG_INFORMATION_FORMAT = dwarf;
				ENABLE_STRICT_OBJC_MSGSEND = YES;
				ENABLE_TESTABILITY = YES;
				GCC_C_LANGUAGE_STANDARD = gnu99;
				GCC_DYNAMIC_NO_PIC = NO;
				GCC_NO_COMMON_BLOCKS = YES;
				GCC_OPTIMIZATION_LEVEL = 0;
				GCC_PREPROCESSOR_DEFINITIONS = (
					"DEBUG=1",
					"$(inherited)",
				);
				GCC_WARN_64_TO_32_BIT_CONVERSION = YES;
				GCC_WARN_ABOUT_RETURN_TYPE = YES_ERROR;
				GCC_WARN_UNDECLARED_SELECTOR = YES;
				GCC_WARN_UNINITIALIZED_AUTOS = YES_AGGRESSIVE;
				GCC_WARN_UNUSED_FUNCTION = YES;
				GCC_WARN_UNUSED_VARIABLE = YES;
				IPHONEOS_DEPLOYMENT_TARGET = 10.3;
				MTL_ENABLE_DEBUG_INFO = YES;
				ONLY_ACTIVE_ARCH = YES;
				SDKROOT = iphoneos;
				TARGETED_DEVICE_FAMILY = "1,2";
			};
			name = Debug;
		};
		F0A1D29B1E8D3E68000E7EE5 /* Release */ = {
			isa = XCBuildConfiguration;
			buildSettings = {
				ALWAYS_SEARCH_USER_PATHS = NO;
				CLANG_ANALYZER_NONNULL = YES;
				CLANG_ANALYZER_NUMBER_OBJECT_CONVERSION = YES_AGGRESSIVE;
				CLANG_CXX_LANGUAGE_STANDARD = "gnu++0x";
				CLANG_CXX_LIBRARY = "libc++";
				CLANG_ENABLE_MODULES = YES;
				CLANG_ENABLE_OBJC_ARC = YES;
				CLANG_WARN_BOOL_CONVERSION = YES;
				CLANG_WARN_CONSTANT_CONVERSION = YES;
				CLANG_WARN_DIRECT_OBJC_ISA_USAGE = YES_ERROR;
				CLANG_WARN_DOCUMENTATION_COMMENTS = YES;
				CLANG_WARN_EMPTY_BODY = YES;
				CLANG_WARN_ENUM_CONVERSION = YES;
				CLANG_WARN_INFINITE_RECURSION = YES;
				CLANG_WARN_INT_CONVERSION = YES;
				CLANG_WARN_OBJC_ROOT_CLASS = YES_ERROR;
				CLANG_WARN_SUSPICIOUS_MOVE = YES;
				CLANG_WARN_UNREACHABLE_CODE = YES;
				CLANG_WARN__DUPLICATE_METHOD_MATCH = YES;
				"CODE_SIGN_IDENTITY[sdk=iphoneos*]" = "iPhone Developer";
				COPY_PHASE_STRIP = NO;
				DEBUG_INFORMATION_FORMAT = "dwarf-with-dsym";
				ENABLE_NS_ASSERTIONS = NO;
				ENABLE_STRICT_OBJC_MSGSEND = YES;
				GCC_C_LANGUAGE_STANDARD = gnu99;
				GCC_NO_COMMON_BLOCKS = YES;
				GCC_WARN_64_TO_32_BIT_CONVERSION = YES;
				GCC_WARN_ABOUT_RETURN_TYPE = YES_ERROR;
				GCC_WARN_UNDECLARED_SELECTOR = YES;
				GCC_WARN_UNINITIALIZED_AUTOS = YES_AGGRESSIVE;
				GCC_WARN_UNUSED_FUNCTION = YES;
				GCC_WARN_UNUSED_VARIABLE = YES;
				IPHONEOS_DEPLOYMENT_TARGET = 10.3;
				MTL_ENABLE_DEBUG_INFO = NO;
				SDKROOT = iphoneos;
				TARGETED_DEVICE_FAMILY = "1,2";
				VALIDATE_PRODUCT = YES;
			};
			name = Release;
		};
		F0A1D29D1E8D3E68000E7EE5 /* Debug */ = {
			isa = XCBuildConfiguration;
			buildSettings = {
				ASSETCATALOG_COMPILER_APPICON_NAME = AppIcon;
				DEVELOPMENT_TEAM = 6F2P7ZWTTE;
				INFOPLIST_FILE = "U米兔/Info.plist";
				LD_RUNPATH_SEARCH_PATHS = "$(inherited) @executable_path/Frameworks";
				PRODUCT_BUNDLE_IDENTIFIER = com.tanpei.meetyou;
				PRODUCT_NAME = "$(TARGET_NAME)";
			};
			name = Debug;
		};
		F0A1D29E1E8D3E68000E7EE5 /* Release */ = {
			isa = XCBuildConfiguration;
			buildSettings = {
				ASSETCATALOG_COMPILER_APPICON_NAME = AppIcon;
				DEVELOPMENT_TEAM = 6F2P7ZWTTE;
				INFOPLIST_FILE = "U米兔/Info.plist";
				LD_RUNPATH_SEARCH_PATHS = "$(inherited) @executable_path/Frameworks";
				PRODUCT_BUNDLE_IDENTIFIER = com.tanpei.meetyou;
				PRODUCT_NAME = "$(TARGET_NAME)";
			};
			name = Release;
		};
/* End XCBuildConfiguration section */

/* Begin XCConfigurationList section */
		F0A1D2801E8D3E68000E7EE5 /* Build configuration list for PBXProject "U米兔" */ = {
			isa = XCConfigurationList;
			buildConfigurations = (
				F0A1D29A1E8D3E68000E7EE5 /* Debug */,
				F0A1D29B1E8D3E68000E7EE5 /* Release */,
			);
			defaultConfigurationIsVisible = 0;
			defaultConfigurationName = Release;
		};
		F0A1D29C1E8D3E68000E7EE5 /* Build configuration list for PBXNativeTarget "Meetyou" */ = {
			isa = XCConfigurationList;
			buildConfigurations = (
				F0A1D29D1E8D3E68000E7EE5 /* Debug */,
				F0A1D29E1E8D3E68000E7EE5 /* Release */,
			);
			defaultConfigurationIsVisible = 0;
			defaultConfigurationName = Release;
		};
/* End XCConfigurationList section */
	};
	rootObject = F0A1D27D1E8D3E68000E7EE5 /* Project object */;
}
