// !$*UTF8*$!
{
	archiveVersion = 1;
	classes = {
	};
	objectVersion = 46;
	objects = {

/* Begin PBXBuildFile section */
		F025D0E41E9B922300C0E995 /* UMTRegesterRequest.m in Sources */ = {isa = PBXBuildFile; fileRef = F025D0E31E9B922300C0E995 /* UMTRegesterRequest.m */; };
		F025D0E81E9C795700C0E995 /* UMTKeychainTool.m in Sources */ = {isa = PBXBuildFile; fileRef = F025D0E71E9C795700C0E995 /* UMTKeychainTool.m */; };
		F02669A71E8E55C80016F05B /* LaunchScreen.storyboard in Resources */ = {isa = PBXBuildFile; fileRef = F02669A31E8E55C80016F05B /* LaunchScreen.storyboard */; };
		F02669A81E8E55C80016F05B /* Main.storyboard in Resources */ = {isa = PBXBuildFile; fileRef = F02669A41E8E55C80016F05B /* Main.storyboard */; };
		F02669A91E8E55C80016F05B /* UMTRootViewController.m in Sources */ = {isa = PBXBuildFile; fileRef = F02669A61E8E55C80016F05B /* UMTRootViewController.m */; };
		F02669AD1E8E565C0016F05B /* UMTLoginViewController.m in Sources */ = {isa = PBXBuildFile; fileRef = F02669AB1E8E565C0016F05B /* UMTLoginViewController.m */; };
		F02669AE1E8E565C0016F05B /* UMTLoginViewController.xib in Resources */ = {isa = PBXBuildFile; fileRef = F02669AC1E8E565C0016F05B /* UMTLoginViewController.xib */; };
		F02669B21E8E56C90016F05B /* UMTRegisterViewController.m in Sources */ = {isa = PBXBuildFile; fileRef = F02669B01E8E56C90016F05B /* UMTRegisterViewController.m */; };
		F02669B31E8E56C90016F05B /* UMTRegisterViewController.xib in Resources */ = {isa = PBXBuildFile; fileRef = F02669B11E8E56C90016F05B /* UMTRegisterViewController.xib */; };
		F02669B71E8E65820016F05B /* UMTFindPasswordController.m in Sources */ = {isa = PBXBuildFile; fileRef = F02669B51E8E65820016F05B /* UMTFindPasswordController.m */; };
		F02669B81E8E65820016F05B /* UMTFindPasswordController.xib in Resources */ = {isa = PBXBuildFile; fileRef = F02669B61E8E65820016F05B /* UMTFindPasswordController.xib */; };
		F02669BB1E8E66290016F05B /* UMTMessageController.m in Sources */ = {isa = PBXBuildFile; fileRef = F02669BA1E8E66290016F05B /* UMTMessageController.m */; };
		F02669BE1E8E663C0016F05B /* UMTSettingController.m in Sources */ = {isa = PBXBuildFile; fileRef = F02669BD1E8E663C0016F05B /* UMTSettingController.m */; };
		F02669C11E8E66650016F05B /* UMTActivityController.m in Sources */ = {isa = PBXBuildFile; fileRef = F02669C01E8E66650016F05B /* UMTActivityController.m */; };
		F02669C41E8E6A380016F05B /* UMTNavigationController.m in Sources */ = {isa = PBXBuildFile; fileRef = F02669C31E8E6A380016F05B /* UMTNavigationController.m */; };
		F04ECC601E8E1EBF0024A74B /* AppDelegate.m in Sources */ = {isa = PBXBuildFile; fileRef = F04ECC371E8E1EBF0024A74B /* AppDelegate.m */; };
		F04ECC641E8E1EBF0024A74B /* Info.plist in Resources */ = {isa = PBXBuildFile; fileRef = F04ECC3F1E8E1EBF0024A74B /* Info.plist */; };
		F04ECC651E8E1EBF0024A74B /* main.m in Sources */ = {isa = PBXBuildFile; fileRef = F04ECC401E8E1EBF0024A74B /* main.m */; };
		F04ECC661E8E1EBF0024A74B /* UMTBaseRequest.m in Sources */ = {isa = PBXBuildFile; fileRef = F04ECC5A1E8E1EBF0024A74B /* UMTBaseRequest.m */; };
		F04ECC671E8E1EBF0024A74B /* Assets.xcassets in Resources */ = {isa = PBXBuildFile; fileRef = F04ECC5C1E8E1EBF0024A74B /* Assets.xcassets */; };
		F0585DB01EB853C7004B6488 /* UMTFindCell.m in Sources */ = {isa = PBXBuildFile; fileRef = F0585DAF1EB853C7004B6488 /* UMTFindCell.m */; };
		F0585DB31EB854EF004B6488 /* UMTMeViewController.m in Sources */ = {isa = PBXBuildFile; fileRef = F0585DB21EB854EF004B6488 /* UMTMeViewController.m */; };
		F0585DBA1EB9A6AA004B6488 /* UMTActivityNavgationBar.m in Sources */ = {isa = PBXBuildFile; fileRef = F0585DB91EB9A6AA004B6488 /* UMTActivityNavgationBar.m */; };
		F0585DBD1EB9B58B004B6488 /* UMTDetailActivityController.m in Sources */ = {isa = PBXBuildFile; fileRef = F0585DBC1EB9B58B004B6488 /* UMTDetailActivityController.m */; };
		F0585DC01EB9B5A9004B6488 /* UMTActivitySimpleController.m in Sources */ = {isa = PBXBuildFile; fileRef = F0585DBF1EB9B5A9004B6488 /* UMTActivitySimpleController.m */; };
		F0585DFE1EBA21E9004B6488 /* UMTDetailActivityCell.m in Sources */ = {isa = PBXBuildFile; fileRef = F0585DFD1EBA21E9004B6488 /* UMTDetailActivityCell.m */; };
		F0585E2F1EBAE251004B6488 /* UMTDetailActivityCellModel.m in Sources */ = {isa = PBXBuildFile; fileRef = F0585E2E1EBAE251004B6488 /* UMTDetailActivityCellModel.m */; };
		F0585E381EBC5154004B6488 /* UMTTagView.m in Sources */ = {isa = PBXBuildFile; fileRef = F0585E371EBC5154004B6488 /* UMTTagView.m */; };
		F0585E3B1EBC8565004B6488 /* UMTGetActivityListRequest.m in Sources */ = {isa = PBXBuildFile; fileRef = F0585E3A1EBC8565004B6488 /* UMTGetActivityListRequest.m */; };
		F0585E3F1EBCC03B004B6488 /* UMTSimpleActivityCell.m in Sources */ = {isa = PBXBuildFile; fileRef = F0585E3D1EBC9357004B6488 /* UMTSimpleActivityCell.m */; };
		F0585E421EBD98E7004B6488 /* UMTSiteView.m in Sources */ = {isa = PBXBuildFile; fileRef = F0585E411EBD98E7004B6488 /* UMTSiteView.m */; };
		F0585E451EBDA854004B6488 /* NSString+Extension.m in Sources */ = {isa = PBXBuildFile; fileRef = F0585E441EBDA854004B6488 /* NSString+Extension.m */; };
		F0585E491EBDCAC9004B6488 /* UMTAddActivityNavBar.m in Sources */ = {isa = PBXBuildFile; fileRef = F0585E481EBDCAC9004B6488 /* UMTAddActivityNavBar.m */; };
		F0585E4F1EBE0810004B6488 /* UMTAddActivityTimeView.m in Sources */ = {isa = PBXBuildFile; fileRef = F0585E4E1EBE0810004B6488 /* UMTAddActivityTimeView.m */; };
		F0585E581EBF539D004B6488 /* UMTIssueDetailActivityController.m in Sources */ = {isa = PBXBuildFile; fileRef = F0585E551EBF539D004B6488 /* UMTIssueDetailActivityController.m */; };
		F0585E591EBF539D004B6488 /* UMTSiteViewController.m in Sources */ = {isa = PBXBuildFile; fileRef = F0585E571EBF539D004B6488 /* UMTSiteViewController.m */; };
		F0585E5C1EBF5426004B6488 /* UMTAddActivityItem.m in Sources */ = {isa = PBXBuildFile; fileRef = F0585E5B1EBF5426004B6488 /* UMTAddActivityItem.m */; };
		F0585E5F1EBF6A05004B6488 /* UMTTagChooseController.m in Sources */ = {isa = PBXBuildFile; fileRef = F0585E5E1EBF6A05004B6488 /* UMTTagChooseController.m */; };
		F0585E621EBF6DC5004B6488 /* UMTIssueSimpleActivityController.m in Sources */ = {isa = PBXBuildFile; fileRef = F0585E611EBF6DC5004B6488 /* UMTIssueSimpleActivityController.m */; };
		F0585E681EC0887C004B6488 /* UMTCheckDetailController.m in Sources */ = {isa = PBXBuildFile; fileRef = F0585E671EC0887C004B6488 /* UMTCheckDetailController.m */; };
		F0585E6B1EC08D03004B6488 /* UMTCheckSimpleController.m in Sources */ = {isa = PBXBuildFile; fileRef = F0585E6A1EC08D03004B6488 /* UMTCheckSimpleController.m */; };
		F0585E6E1EC097A8004B6488 /* UMTActivitTopView.m in Sources */ = {isa = PBXBuildFile; fileRef = F0585E6D1EC097A8004B6488 /* UMTActivitTopView.m */; };
		F06F2AD11EAA05270068DAD3 /* UMTCircleView.m in Sources */ = {isa = PBXBuildFile; fileRef = F06F2AD01EAA05270068DAD3 /* UMTCircleView.m */; };
		F0A20D281EC1A6E200E81FBF /* UMTDetailActicityView.m in Sources */ = {isa = PBXBuildFile; fileRef = F0A20D271EC1A6E200E81FBF /* UMTDetailActicityView.m */; };
		F0A20D2B1EC1AD8300E81FBF /* UMTSimpleActivityView.m in Sources */ = {isa = PBXBuildFile; fileRef = F0A20D2A1EC1AD8300E81FBF /* UMTSimpleActivityView.m */; };
		F0A20D2E1EC2BA9700E81FBF /* UMTUserInfoModel.m in Sources */ = {isa = PBXBuildFile; fileRef = F0A20D2D1EC2BA9700E81FBF /* UMTUserInfoModel.m */; };
		F0A20D311EC2F4CC00E81FBF /* UMTTimeHelper.m in Sources */ = {isa = PBXBuildFile; fileRef = F0A20D301EC2F4CC00E81FBF /* UMTTimeHelper.m */; };
		F0A20D341EC2F7D700E81FBF /* UMTGetSimpleActivityListRequest.m in Sources */ = {isa = PBXBuildFile; fileRef = F0A20D331EC2F7D700E81FBF /* UMTGetSimpleActivityListRequest.m */; };
		F0A20D371EC4693D00E81FBF /* UMTIssurActivityRequest.m in Sources */ = {isa = PBXBuildFile; fileRef = F0A20D361EC4693D00E81FBF /* UMTIssurActivityRequest.m */; };
		F0A20D3A1EC49B9500E81FBF /* UMTSearchTagRequest.m in Sources */ = {isa = PBXBuildFile; fileRef = F0A20D391EC49B9500E81FBF /* UMTSearchTagRequest.m */; };
		F0A20D3D1EC5E83500E81FBF /* UMTTagCell.m in Sources */ = {isa = PBXBuildFile; fileRef = F0A20D3C1EC5E83500E81FBF /* UMTTagCell.m */; };
		F0A20D401EC6C71900E81FBF /* UIImage+Extension.m in Sources */ = {isa = PBXBuildFile; fileRef = F0A20D3F1EC6C71900E81FBF /* UIImage+Extension.m */; };
		F0A20D431EC83B1000E81FBF /* UMTActivityTypeView.m in Sources */ = {isa = PBXBuildFile; fileRef = F0A20D421EC83B1000E81FBF /* UMTActivityTypeView.m */; };
		F0A20D461EC9F38A00E81FBF /* UMTJoinActivityRequest.m in Sources */ = {isa = PBXBuildFile; fileRef = F0A20D451EC9F38A00E81FBF /* UMTJoinActivityRequest.m */; };
		F0A20D4A1ECAE0A700E81FBF /* UMTComitSuccessController.m in Sources */ = {isa = PBXBuildFile; fileRef = F0A20D481ECAE0A700E81FBF /* UMTComitSuccessController.m */; };
		F0A20D4B1ECAE0A700E81FBF /* UMTComitSuccessController.xib in Resources */ = {isa = PBXBuildFile; fileRef = F0A20D491ECAE0A700E81FBF /* UMTComitSuccessController.xib */; };
		F0A20D511ECB354500E81FBF /* UMTSearchMapRequest.m in Sources */ = {isa = PBXBuildFile; fileRef = F0A20D501ECB354500E81FBF /* UMTSearchMapRequest.m */; };
		F0A20D541ECC30C700E81FBF /* UMTUpdateVerifyImg.m in Sources */ = {isa = PBXBuildFile; fileRef = F0A20D531ECC30C700E81FBF /* UMTUpdateVerifyImg.m */; };
		F0A56DFA1EA7462B00B32556 /* UMTTabBar.m in Sources */ = {isa = PBXBuildFile; fileRef = F0A56DF91EA7462B00B32556 /* UMTTabBar.m */; };
		F0FB269C1E8E9E8C000D587E /* UMTUserMgr.m in Sources */ = {isa = PBXBuildFile; fileRef = F0FB269B1E8E9E8C000D587E /* UMTUserMgr.m */; };
		F0FB26A91E8EA586000D587E /* UIView+Extension.m in Sources */ = {isa = PBXBuildFile; fileRef = F0FB26A61E8EA586000D587E /* UIView+Extension.m */; };
		F0FB26AA1E8EA586000D587E /* UMTProgressHUD.m in Sources */ = {isa = PBXBuildFile; fileRef = F0FB26A81E8EA586000D587E /* UMTProgressHUD.m */; };
		F0FB26AC1E8F515A000D587E /* BmobMessageSDK.framework in Frameworks */ = {isa = PBXBuildFile; fileRef = F0FB26AB1E8F515A000D587E /* BmobMessageSDK.framework */; };
		F0FB26AF1E8F5EEF000D587E /* UMTUserRealInfo.m in Sources */ = {isa = PBXBuildFile; fileRef = F0FB26AE1E8F5EEF000D587E /* UMTUserRealInfo.m */; };
		F0FB26B21E8F5F6F000D587E /* UMTUserInfo.m in Sources */ = {isa = PBXBuildFile; fileRef = F0FB26B11E8F5F6F000D587E /* UMTUserInfo.m */; };
		F0FB26BA1E8FC2AF000D587E /* UMTSaveUserInfoHelper.m in Sources */ = {isa = PBXBuildFile; fileRef = F0FB26B91E8FC2AF000D587E /* UMTSaveUserInfoHelper.m */; };
		F0FB26BD1E92040B000D587E /* UMTBasicInfoController.m in Sources */ = {isa = PBXBuildFile; fileRef = F0FB26BC1E92040B000D587E /* UMTBasicInfoController.m */; };
		F0FB26C11E9214CF000D587E /* UMTInfoItemView.m in Sources */ = {isa = PBXBuildFile; fileRef = F0FB26C01E9214CF000D587E /* UMTInfoItemView.m */; };
		F0FB26CA1E937651000D587E /* UMTPasswordView.m in Sources */ = {isa = PBXBuildFile; fileRef = F0FB26C91E937651000D587E /* UMTPasswordView.m */; };
		F0FB26CD1E938590000D587E /* UMTPublicInfoView.m in Sources */ = {isa = PBXBuildFile; fileRef = F0FB26CC1E938590000D587E /* UMTPublicInfoView.m */; };
		F0FB26DA1E949AAC000D587E /* UMTContactCell.m in Sources */ = {isa = PBXBuildFile; fileRef = F0FB26D81E949AAC000D587E /* UMTContactCell.m */; };
		F0FB26DB1E949AAC000D587E /* UMTContactCell.xib in Resources */ = {isa = PBXBuildFile; fileRef = F0FB26D91E949AAC000D587E /* UMTContactCell.xib */; };
		F0FB26DE1E94D1DF000D587E /* UMTInfoContactController.m in Sources */ = {isa = PBXBuildFile; fileRef = F0FB26DD1E94D1DF000D587E /* UMTInfoContactController.m */; };
		F0FB26E11E9510CC000D587E /* UMTcertificationController.m in Sources */ = {isa = PBXBuildFile; fileRef = F0FB26E01E9510CC000D587E /* UMTcertificationController.m */; };
		F0FB26E51E9512EA000D587E /* UMTBaseViewController.m in Sources */ = {isa = PBXBuildFile; fileRef = F0FB26E41E9512EA000D587E /* UMTBaseViewController.m */; };
		F0FB26E81E951BF0000D587E /* UMTSchoolInfoView.m in Sources */ = {isa = PBXBuildFile; fileRef = F0FB26E71E951BF0000D587E /* UMTSchoolInfoView.m */; };
		F0FB26EB1E960724000D587E /* UMTSeparatorLine.m in Sources */ = {isa = PBXBuildFile; fileRef = F0FB26EA1E960724000D587E /* UMTSeparatorLine.m */; };
		F0FB26F01E961660000D587E /* UIColor+extension.m in Sources */ = {isa = PBXBuildFile; fileRef = F0FB26EF1E961660000D587E /* UIColor+extension.m */; };
		F0FB26F31E976F45000D587E /* UIResponder+Extension.m in Sources */ = {isa = PBXBuildFile; fileRef = F0FB26F21E976F45000D587E /* UIResponder+Extension.m */; };
		F0FB26F61E978784000D587E /* UMTUploadPhotoView.m in Sources */ = {isa = PBXBuildFile; fileRef = F0FB26F51E978784000D587E /* UMTUploadPhotoView.m */; };
		F0FB26F91E97C926000D587E /* UMTResetPasswordController.m in Sources */ = {isa = PBXBuildFile; fileRef = F0FB26F81E97C926000D587E /* UMTResetPasswordController.m */; };
		F0FB27031E97DA40000D587E /* UMTLoginRequest.m in Sources */ = {isa = PBXBuildFile; fileRef = F0FB27021E97DA40000D587E /* UMTLoginRequest.m */; };
		F0FB27061E98ADE3000D587E /* UMTRefreshToken.m in Sources */ = {isa = PBXBuildFile; fileRef = F0FB27051E98ADE3000D587E /* UMTRefreshToken.m */; };
		F0FB27091E98FF0F000D587E /* UMTAlertView.m in Sources */ = {isa = PBXBuildFile; fileRef = F0FB27081E98FF0F000D587E /* UMTAlertView.m */; };
		F0FB270C1E9A3C3B000D587E /* UMTRegisterHelper.m in Sources */ = {isa = PBXBuildFile; fileRef = F0FB270B1E9A3C3B000D587E /* UMTRegisterHelper.m */; };
		F0FB27181E9A5AC0000D587E /* UMTRecommendController.m in Sources */ = {isa = PBXBuildFile; fileRef = F0FB27171E9A5AC0000D587E /* UMTRecommendController.m */; };
		F0FB271B1E9A5CC0000D587E /* UMTFindSchoolController.m in Sources */ = {isa = PBXBuildFile; fileRef = F0FB271A1E9A5CC0000D587E /* UMTFindSchoolController.m */; };
		F0FB271E1E9B4B98000D587E /* UMTSearchSchoolRequest.m in Sources */ = {isa = PBXBuildFile; fileRef = F0FB271D1E9B4B98000D587E /* UMTSearchSchoolRequest.m */; };
		FE0B2D1EF0B8EACD2ADE202F /* libPods-U咪兔.a in Frameworks */ = {isa = PBXBuildFile; fileRef = 373B660C20E56D7DF036B505 /* libPods-U咪兔.a */; };
/* End PBXBuildFile section */

/* Begin PBXFileReference section */
		373B660C20E56D7DF036B505 /* libPods-U咪兔.a */ = {isa = PBXFileReference; explicitFileType = archive.ar; includeInIndex = 0; path = "libPods-U咪兔.a"; sourceTree = BUILT_PRODUCTS_DIR; };
		51581DC4010D3FC891B900BC /* Pods-U咪兔.release.xcconfig */ = {isa = PBXFileReference; includeInIndex = 1; lastKnownFileType = text.xcconfig; name = "Pods-U咪兔.release.xcconfig"; path = "Pods/Target Support Files/Pods-U咪兔/Pods-U咪兔.release.xcconfig"; sourceTree = "<group>"; };
		582361B2DDE14AB37544FE7A /* Pods-U咪兔.debug.xcconfig */ = {isa = PBXFileReference; includeInIndex = 1; lastKnownFileType = text.xcconfig; name = "Pods-U咪兔.debug.xcconfig"; path = "Pods/Target Support Files/Pods-U咪兔/Pods-U咪兔.debug.xcconfig"; sourceTree = "<group>"; };
		F025D0E21E9B922300C0E995 /* UMTRegesterRequest.h */ = {isa = PBXFileReference; fileEncoding = 4; lastKnownFileType = sourcecode.c.h; path = UMTRegesterRequest.h; sourceTree = "<group>"; };
		F025D0E31E9B922300C0E995 /* UMTRegesterRequest.m */ = {isa = PBXFileReference; fileEncoding = 4; lastKnownFileType = sourcecode.c.objc; path = UMTRegesterRequest.m; sourceTree = "<group>"; };
		F025D0E61E9C795700C0E995 /* UMTKeychainTool.h */ = {isa = PBXFileReference; fileEncoding = 4; lastKnownFileType = sourcecode.c.h; path = UMTKeychainTool.h; sourceTree = "<group>"; };
		F025D0E71E9C795700C0E995 /* UMTKeychainTool.m */ = {isa = PBXFileReference; fileEncoding = 4; lastKnownFileType = sourcecode.c.objc; path = UMTKeychainTool.m; sourceTree = "<group>"; };
		F025D0ED1E9CB75500C0E995 /* UMTheader.mm */ = {isa = PBXFileReference; fileEncoding = 4; lastKnownFileType = sourcecode.cpp.objcpp; path = UMTheader.mm; sourceTree = "<group>"; };
		F02669A31E8E55C80016F05B /* LaunchScreen.storyboard */ = {isa = PBXFileReference; fileEncoding = 4; lastKnownFileType = file.storyboard; path = LaunchScreen.storyboard; sourceTree = "<group>"; };
		F02669A41E8E55C80016F05B /* Main.storyboard */ = {isa = PBXFileReference; fileEncoding = 4; lastKnownFileType = file.storyboard; path = Main.storyboard; sourceTree = "<group>"; };
		F02669A51E8E55C80016F05B /* UMTRootViewController.h */ = {isa = PBXFileReference; fileEncoding = 4; lastKnownFileType = sourcecode.c.h; path = UMTRootViewController.h; sourceTree = "<group>"; };
		F02669A61E8E55C80016F05B /* UMTRootViewController.m */ = {isa = PBXFileReference; fileEncoding = 4; lastKnownFileType = sourcecode.c.objc; path = UMTRootViewController.m; sourceTree = "<group>"; };
		F02669AA1E8E565C0016F05B /* UMTLoginViewController.h */ = {isa = PBXFileReference; fileEncoding = 4; lastKnownFileType = sourcecode.c.h; path = UMTLoginViewController.h; sourceTree = "<group>"; };
		F02669AB1E8E565C0016F05B /* UMTLoginViewController.m */ = {isa = PBXFileReference; fileEncoding = 4; lastKnownFileType = sourcecode.c.objc; path = UMTLoginViewController.m; sourceTree = "<group>"; };
		F02669AC1E8E565C0016F05B /* UMTLoginViewController.xib */ = {isa = PBXFileReference; fileEncoding = 4; lastKnownFileType = file.xib; path = UMTLoginViewController.xib; sourceTree = "<group>"; };
		F02669AF1E8E56C90016F05B /* UMTRegisterViewController.h */ = {isa = PBXFileReference; fileEncoding = 4; lastKnownFileType = sourcecode.c.h; path = UMTRegisterViewController.h; sourceTree = "<group>"; };
		F02669B01E8E56C90016F05B /* UMTRegisterViewController.m */ = {isa = PBXFileReference; fileEncoding = 4; lastKnownFileType = sourcecode.c.objc; path = UMTRegisterViewController.m; sourceTree = "<group>"; };
		F02669B11E8E56C90016F05B /* UMTRegisterViewController.xib */ = {isa = PBXFileReference; fileEncoding = 4; lastKnownFileType = file.xib; path = UMTRegisterViewController.xib; sourceTree = "<group>"; };
		F02669B41E8E65820016F05B /* UMTFindPasswordController.h */ = {isa = PBXFileReference; fileEncoding = 4; lastKnownFileType = sourcecode.c.h; path = UMTFindPasswordController.h; sourceTree = "<group>"; };
		F02669B51E8E65820016F05B /* UMTFindPasswordController.m */ = {isa = PBXFileReference; fileEncoding = 4; lastKnownFileType = sourcecode.c.objc; path = UMTFindPasswordController.m; sourceTree = "<group>"; };
		F02669B61E8E65820016F05B /* UMTFindPasswordController.xib */ = {isa = PBXFileReference; fileEncoding = 4; lastKnownFileType = file.xib; path = UMTFindPasswordController.xib; sourceTree = "<group>"; };
		F02669B91E8E66290016F05B /* UMTMessageController.h */ = {isa = PBXFileReference; fileEncoding = 4; lastKnownFileType = sourcecode.c.h; path = UMTMessageController.h; sourceTree = "<group>"; };
		F02669BA1E8E66290016F05B /* UMTMessageController.m */ = {isa = PBXFileReference; fileEncoding = 4; lastKnownFileType = sourcecode.c.objc; path = UMTMessageController.m; sourceTree = "<group>"; };
		F02669BC1E8E663C0016F05B /* UMTSettingController.h */ = {isa = PBXFileReference; fileEncoding = 4; lastKnownFileType = sourcecode.c.h; path = UMTSettingController.h; sourceTree = "<group>"; };
		F02669BD1E8E663C0016F05B /* UMTSettingController.m */ = {isa = PBXFileReference; fileEncoding = 4; lastKnownFileType = sourcecode.c.objc; path = UMTSettingController.m; sourceTree = "<group>"; };
		F02669BF1E8E66650016F05B /* UMTActivityController.h */ = {isa = PBXFileReference; fileEncoding = 4; lastKnownFileType = sourcecode.c.h; path = UMTActivityController.h; sourceTree = "<group>"; };
		F02669C01E8E66650016F05B /* UMTActivityController.m */ = {isa = PBXFileReference; fileEncoding = 4; lastKnownFileType = sourcecode.c.objc; path = UMTActivityController.m; sourceTree = "<group>"; };
		F02669C21E8E6A380016F05B /* UMTNavigationController.h */ = {isa = PBXFileReference; fileEncoding = 4; lastKnownFileType = sourcecode.c.h; path = UMTNavigationController.h; sourceTree = "<group>"; };
		F02669C31E8E6A380016F05B /* UMTNavigationController.m */ = {isa = PBXFileReference; fileEncoding = 4; lastKnownFileType = sourcecode.c.objc; path = UMTNavigationController.m; sourceTree = "<group>"; };
		F04ECC1A1E8E1E5E0024A74B /* U咪兔.app */ = {isa = PBXFileReference; explicitFileType = wrapper.application; includeInIndex = 0; path = "U咪兔.app"; sourceTree = BUILT_PRODUCTS_DIR; };
		F04ECC361E8E1EBF0024A74B /* AppDelegate.h */ = {isa = PBXFileReference; fileEncoding = 4; lastKnownFileType = sourcecode.c.h; path = AppDelegate.h; sourceTree = "<group>"; };
		F04ECC371E8E1EBF0024A74B /* AppDelegate.m */ = {isa = PBXFileReference; fileEncoding = 4; lastKnownFileType = sourcecode.c.objc; path = AppDelegate.m; sourceTree = "<group>"; };
		F04ECC3F1E8E1EBF0024A74B /* Info.plist */ = {isa = PBXFileReference; fileEncoding = 4; lastKnownFileType = text.plist.xml; path = Info.plist; sourceTree = "<group>"; };
		F04ECC401E8E1EBF0024A74B /* main.m */ = {isa = PBXFileReference; fileEncoding = 4; lastKnownFileType = sourcecode.c.objc; path = main.m; sourceTree = "<group>"; };
		F04ECC591E8E1EBF0024A74B /* UMTBaseRequest.h */ = {isa = PBXFileReference; fileEncoding = 4; lastKnownFileType = sourcecode.c.h; path = UMTBaseRequest.h; sourceTree = "<group>"; };
		F04ECC5A1E8E1EBF0024A74B /* UMTBaseRequest.m */ = {isa = PBXFileReference; fileEncoding = 4; lastKnownFileType = sourcecode.c.objc; path = UMTBaseRequest.m; sourceTree = "<group>"; };
		F04ECC5C1E8E1EBF0024A74B /* Assets.xcassets */ = {isa = PBXFileReference; lastKnownFileType = folder.assetcatalog; path = Assets.xcassets; sourceTree = "<group>"; };
		F0585DAE1EB853C7004B6488 /* UMTFindCell.h */ = {isa = PBXFileReference; fileEncoding = 4; lastKnownFileType = sourcecode.c.h; path = UMTFindCell.h; sourceTree = "<group>"; };
		F0585DAF1EB853C7004B6488 /* UMTFindCell.m */ = {isa = PBXFileReference; fileEncoding = 4; lastKnownFileType = sourcecode.c.objc; path = UMTFindCell.m; sourceTree = "<group>"; };
		F0585DB11EB854EF004B6488 /* UMTMeViewController.h */ = {isa = PBXFileReference; fileEncoding = 4; lastKnownFileType = sourcecode.c.h; path = UMTMeViewController.h; sourceTree = "<group>"; };
		F0585DB21EB854EF004B6488 /* UMTMeViewController.m */ = {isa = PBXFileReference; fileEncoding = 4; lastKnownFileType = sourcecode.c.objc; path = UMTMeViewController.m; sourceTree = "<group>"; };
		F0585DB81EB9A6AA004B6488 /* UMTActivityNavgationBar.h */ = {isa = PBXFileReference; fileEncoding = 4; lastKnownFileType = sourcecode.c.h; path = UMTActivityNavgationBar.h; sourceTree = "<group>"; };
		F0585DB91EB9A6AA004B6488 /* UMTActivityNavgationBar.m */ = {isa = PBXFileReference; fileEncoding = 4; lastKnownFileType = sourcecode.c.objc; path = UMTActivityNavgationBar.m; sourceTree = "<group>"; };
		F0585DBB1EB9B58B004B6488 /* UMTDetailActivityController.h */ = {isa = PBXFileReference; fileEncoding = 4; lastKnownFileType = sourcecode.c.h; path = UMTDetailActivityController.h; sourceTree = "<group>"; };
		F0585DBC1EB9B58B004B6488 /* UMTDetailActivityController.m */ = {isa = PBXFileReference; fileEncoding = 4; lastKnownFileType = sourcecode.c.objc; path = UMTDetailActivityController.m; sourceTree = "<group>"; };
		F0585DBE1EB9B5A9004B6488 /* UMTActivitySimpleController.h */ = {isa = PBXFileReference; fileEncoding = 4; lastKnownFileType = sourcecode.c.h; path = UMTActivitySimpleController.h; sourceTree = "<group>"; };
		F0585DBF1EB9B5A9004B6488 /* UMTActivitySimpleController.m */ = {isa = PBXFileReference; fileEncoding = 4; lastKnownFileType = sourcecode.c.objc; path = UMTActivitySimpleController.m; sourceTree = "<group>"; };
		F0585DFC1EBA21E9004B6488 /* UMTDetailActivityCell.h */ = {isa = PBXFileReference; fileEncoding = 4; lastKnownFileType = sourcecode.c.h; path = UMTDetailActivityCell.h; sourceTree = "<group>"; };
		F0585DFD1EBA21E9004B6488 /* UMTDetailActivityCell.m */ = {isa = PBXFileReference; fileEncoding = 4; lastKnownFileType = sourcecode.c.objc; path = UMTDetailActivityCell.m; sourceTree = "<group>"; };
		F0585E2D1EBAE251004B6488 /* UMTDetailActivityCellModel.h */ = {isa = PBXFileReference; fileEncoding = 4; lastKnownFileType = sourcecode.c.h; path = UMTDetailActivityCellModel.h; sourceTree = "<group>"; };
		F0585E2E1EBAE251004B6488 /* UMTDetailActivityCellModel.m */ = {isa = PBXFileReference; fileEncoding = 4; lastKnownFileType = sourcecode.c.objc; path = UMTDetailActivityCellModel.m; sourceTree = "<group>"; };
		F0585E361EBC5154004B6488 /* UMTTagView.h */ = {isa = PBXFileReference; fileEncoding = 4; lastKnownFileType = sourcecode.c.h; path = UMTTagView.h; sourceTree = "<group>"; };
		F0585E371EBC5154004B6488 /* UMTTagView.m */ = {isa = PBXFileReference; fileEncoding = 4; lastKnownFileType = sourcecode.c.objc; path = UMTTagView.m; sourceTree = "<group>"; };
		F0585E391EBC8565004B6488 /* UMTGetActivityListRequest.h */ = {isa = PBXFileReference; fileEncoding = 4; lastKnownFileType = sourcecode.c.h; path = UMTGetActivityListRequest.h; sourceTree = "<group>"; };
		F0585E3A1EBC8565004B6488 /* UMTGetActivityListRequest.m */ = {isa = PBXFileReference; fileEncoding = 4; lastKnownFileType = sourcecode.c.objc; path = UMTGetActivityListRequest.m; sourceTree = "<group>"; };
		F0585E3C1EBC9357004B6488 /* UMTSimpleActivityCell.h */ = {isa = PBXFileReference; fileEncoding = 4; lastKnownFileType = sourcecode.c.h; path = UMTSimpleActivityCell.h; sourceTree = "<group>"; };
		F0585E3D1EBC9357004B6488 /* UMTSimpleActivityCell.m */ = {isa = PBXFileReference; fileEncoding = 4; lastKnownFileType = sourcecode.c.objc; path = UMTSimpleActivityCell.m; sourceTree = "<group>"; };
		F0585E401EBD98E7004B6488 /* UMTSiteView.h */ = {isa = PBXFileReference; fileEncoding = 4; lastKnownFileType = sourcecode.c.h; path = UMTSiteView.h; sourceTree = "<group>"; };
		F0585E411EBD98E7004B6488 /* UMTSiteView.m */ = {isa = PBXFileReference; fileEncoding = 4; lastKnownFileType = sourcecode.c.objc; path = UMTSiteView.m; sourceTree = "<group>"; };
		F0585E431EBDA854004B6488 /* NSString+Extension.h */ = {isa = PBXFileReference; fileEncoding = 4; lastKnownFileType = sourcecode.c.h; path = "NSString+Extension.h"; sourceTree = "<group>"; };
		F0585E441EBDA854004B6488 /* NSString+Extension.m */ = {isa = PBXFileReference; fileEncoding = 4; lastKnownFileType = sourcecode.c.objc; path = "NSString+Extension.m"; sourceTree = "<group>"; };
		F0585E471EBDCAC9004B6488 /* UMTAddActivityNavBar.h */ = {isa = PBXFileReference; fileEncoding = 4; lastKnownFileType = sourcecode.c.h; path = UMTAddActivityNavBar.h; sourceTree = "<group>"; };
		F0585E481EBDCAC9004B6488 /* UMTAddActivityNavBar.m */ = {isa = PBXFileReference; fileEncoding = 4; lastKnownFileType = sourcecode.c.objc; path = UMTAddActivityNavBar.m; sourceTree = "<group>"; };
		F0585E4D1EBE0810004B6488 /* UMTAddActivityTimeView.h */ = {isa = PBXFileReference; fileEncoding = 4; lastKnownFileType = sourcecode.c.h; path = UMTAddActivityTimeView.h; sourceTree = "<group>"; };
		F0585E4E1EBE0810004B6488 /* UMTAddActivityTimeView.m */ = {isa = PBXFileReference; fileEncoding = 4; lastKnownFileType = sourcecode.c.objc; path = UMTAddActivityTimeView.m; sourceTree = "<group>"; };
		F0585E541EBF539D004B6488 /* UMTIssueDetailActivityController.h */ = {isa = PBXFileReference; fileEncoding = 4; lastKnownFileType = sourcecode.c.h; path = UMTIssueDetailActivityController.h; sourceTree = "<group>"; };
		F0585E551EBF539D004B6488 /* UMTIssueDetailActivityController.m */ = {isa = PBXFileReference; fileEncoding = 4; lastKnownFileType = sourcecode.c.objc; path = UMTIssueDetailActivityController.m; sourceTree = "<group>"; };
		F0585E561EBF539D004B6488 /* UMTSiteViewController.h */ = {isa = PBXFileReference; fileEncoding = 4; lastKnownFileType = sourcecode.c.h; path = UMTSiteViewController.h; sourceTree = "<group>"; };
		F0585E571EBF539D004B6488 /* UMTSiteViewController.m */ = {isa = PBXFileReference; fileEncoding = 4; lastKnownFileType = sourcecode.c.objc; path = UMTSiteViewController.m; sourceTree = "<group>"; };
		F0585E5A1EBF5426004B6488 /* UMTAddActivityItem.h */ = {isa = PBXFileReference; fileEncoding = 4; lastKnownFileType = sourcecode.c.h; path = UMTAddActivityItem.h; sourceTree = "<group>"; };
		F0585E5B1EBF5426004B6488 /* UMTAddActivityItem.m */ = {isa = PBXFileReference; fileEncoding = 4; lastKnownFileType = sourcecode.c.objc; path = UMTAddActivityItem.m; sourceTree = "<group>"; };
		F0585E5D1EBF6A05004B6488 /* UMTTagChooseController.h */ = {isa = PBXFileReference; fileEncoding = 4; lastKnownFileType = sourcecode.c.h; path = UMTTagChooseController.h; sourceTree = "<group>"; };
		F0585E5E1EBF6A05004B6488 /* UMTTagChooseController.m */ = {isa = PBXFileReference; fileEncoding = 4; lastKnownFileType = sourcecode.c.objc; path = UMTTagChooseController.m; sourceTree = "<group>"; };
		F0585E601EBF6DC5004B6488 /* UMTIssueSimpleActivityController.h */ = {isa = PBXFileReference; fileEncoding = 4; lastKnownFileType = sourcecode.c.h; path = UMTIssueSimpleActivityController.h; sourceTree = "<group>"; };
		F0585E611EBF6DC5004B6488 /* UMTIssueSimpleActivityController.m */ = {isa = PBXFileReference; fileEncoding = 4; lastKnownFileType = sourcecode.c.objc; path = UMTIssueSimpleActivityController.m; sourceTree = "<group>"; };
		F0585E661EC0887C004B6488 /* UMTCheckDetailController.h */ = {isa = PBXFileReference; fileEncoding = 4; lastKnownFileType = sourcecode.c.h; path = UMTCheckDetailController.h; sourceTree = "<group>"; };
		F0585E671EC0887C004B6488 /* UMTCheckDetailController.m */ = {isa = PBXFileReference; fileEncoding = 4; lastKnownFileType = sourcecode.c.objc; path = UMTCheckDetailController.m; sourceTree = "<group>"; };
		F0585E691EC08D03004B6488 /* UMTCheckSimpleController.h */ = {isa = PBXFileReference; fileEncoding = 4; lastKnownFileType = sourcecode.c.h; path = UMTCheckSimpleController.h; sourceTree = "<group>"; };
		F0585E6A1EC08D03004B6488 /* UMTCheckSimpleController.m */ = {isa = PBXFileReference; fileEncoding = 4; lastKnownFileType = sourcecode.c.objc; path = UMTCheckSimpleController.m; sourceTree = "<group>"; };
		F0585E6C1EC097A8004B6488 /* UMTActivitTopView.h */ = {isa = PBXFileReference; fileEncoding = 4; lastKnownFileType = sourcecode.c.h; path = UMTActivitTopView.h; sourceTree = "<group>"; };
		F0585E6D1EC097A8004B6488 /* UMTActivitTopView.m */ = {isa = PBXFileReference; fileEncoding = 4; lastKnownFileType = sourcecode.c.objc; path = UMTActivitTopView.m; sourceTree = "<group>"; };
		F06F2ACF1EAA05270068DAD3 /* UMTCircleView.h */ = {isa = PBXFileReference; fileEncoding = 4; lastKnownFileType = sourcecode.c.h; path = UMTCircleView.h; sourceTree = "<group>"; };
		F06F2AD01EAA05270068DAD3 /* UMTCircleView.m */ = {isa = PBXFileReference; fileEncoding = 4; lastKnownFileType = sourcecode.c.objc; path = UMTCircleView.m; sourceTree = "<group>"; };
		F0A20D261EC1A6E200E81FBF /* UMTDetailActicityView.h */ = {isa = PBXFileReference; fileEncoding = 4; lastKnownFileType = sourcecode.c.h; path = UMTDetailActicityView.h; sourceTree = "<group>"; };
		F0A20D271EC1A6E200E81FBF /* UMTDetailActicityView.m */ = {isa = PBXFileReference; fileEncoding = 4; lastKnownFileType = sourcecode.c.objc; path = UMTDetailActicityView.m; sourceTree = "<group>"; };
		F0A20D291EC1AD8300E81FBF /* UMTSimpleActivityView.h */ = {isa = PBXFileReference; fileEncoding = 4; lastKnownFileType = sourcecode.c.h; path = UMTSimpleActivityView.h; sourceTree = "<group>"; };
		F0A20D2A1EC1AD8300E81FBF /* UMTSimpleActivityView.m */ = {isa = PBXFileReference; fileEncoding = 4; lastKnownFileType = sourcecode.c.objc; path = UMTSimpleActivityView.m; sourceTree = "<group>"; };
		F0A20D2C1EC2BA9700E81FBF /* UMTUserInfoModel.h */ = {isa = PBXFileReference; fileEncoding = 4; lastKnownFileType = sourcecode.c.h; path = UMTUserInfoModel.h; sourceTree = "<group>"; };
		F0A20D2D1EC2BA9700E81FBF /* UMTUserInfoModel.m */ = {isa = PBXFileReference; fileEncoding = 4; lastKnownFileType = sourcecode.c.objc; path = UMTUserInfoModel.m; sourceTree = "<group>"; };
		F0A20D2F1EC2F4CC00E81FBF /* UMTTimeHelper.h */ = {isa = PBXFileReference; fileEncoding = 4; lastKnownFileType = sourcecode.c.h; path = UMTTimeHelper.h; sourceTree = "<group>"; };
		F0A20D301EC2F4CC00E81FBF /* UMTTimeHelper.m */ = {isa = PBXFileReference; fileEncoding = 4; lastKnownFileType = sourcecode.c.objc; path = UMTTimeHelper.m; sourceTree = "<group>"; };
		F0A20D321EC2F7D700E81FBF /* UMTGetSimpleActivityListRequest.h */ = {isa = PBXFileReference; fileEncoding = 4; lastKnownFileType = sourcecode.c.h; path = UMTGetSimpleActivityListRequest.h; sourceTree = "<group>"; };
		F0A20D331EC2F7D700E81FBF /* UMTGetSimpleActivityListRequest.m */ = {isa = PBXFileReference; fileEncoding = 4; lastKnownFileType = sourcecode.c.objc; path = UMTGetSimpleActivityListRequest.m; sourceTree = "<group>"; };
		F0A20D351EC4693D00E81FBF /* UMTIssurActivityRequest.h */ = {isa = PBXFileReference; fileEncoding = 4; lastKnownFileType = sourcecode.c.h; path = UMTIssurActivityRequest.h; sourceTree = "<group>"; };
		F0A20D361EC4693D00E81FBF /* UMTIssurActivityRequest.m */ = {isa = PBXFileReference; fileEncoding = 4; lastKnownFileType = sourcecode.c.objc; path = UMTIssurActivityRequest.m; sourceTree = "<group>"; };
		F0A20D381EC49B9500E81FBF /* UMTSearchTagRequest.h */ = {isa = PBXFileReference; fileEncoding = 4; lastKnownFileType = sourcecode.c.h; path = UMTSearchTagRequest.h; sourceTree = "<group>"; };
		F0A20D391EC49B9500E81FBF /* UMTSearchTagRequest.m */ = {isa = PBXFileReference; fileEncoding = 4; lastKnownFileType = sourcecode.c.objc; path = UMTSearchTagRequest.m; sourceTree = "<group>"; };
		F0A20D3B1EC5E83500E81FBF /* UMTTagCell.h */ = {isa = PBXFileReference; fileEncoding = 4; lastKnownFileType = sourcecode.c.h; path = UMTTagCell.h; sourceTree = "<group>"; };
		F0A20D3C1EC5E83500E81FBF /* UMTTagCell.m */ = {isa = PBXFileReference; fileEncoding = 4; lastKnownFileType = sourcecode.c.objc; path = UMTTagCell.m; sourceTree = "<group>"; };
		F0A20D3E1EC6C71900E81FBF /* UIImage+Extension.h */ = {isa = PBXFileReference; fileEncoding = 4; lastKnownFileType = sourcecode.c.h; path = "UIImage+Extension.h"; sourceTree = "<group>"; };
		F0A20D3F1EC6C71900E81FBF /* UIImage+Extension.m */ = {isa = PBXFileReference; fileEncoding = 4; lastKnownFileType = sourcecode.c.objc; path = "UIImage+Extension.m"; sourceTree = "<group>"; };
		F0A20D411EC83B1000E81FBF /* UMTActivityTypeView.h */ = {isa = PBXFileReference; fileEncoding = 4; lastKnownFileType = sourcecode.c.h; path = UMTActivityTypeView.h; sourceTree = "<group>"; };
		F0A20D421EC83B1000E81FBF /* UMTActivityTypeView.m */ = {isa = PBXFileReference; fileEncoding = 4; lastKnownFileType = sourcecode.c.objc; path = UMTActivityTypeView.m; sourceTree = "<group>"; };
		F0A20D441EC9F38A00E81FBF /* UMTJoinActivityRequest.h */ = {isa = PBXFileReference; fileEncoding = 4; lastKnownFileType = sourcecode.c.h; path = UMTJoinActivityRequest.h; sourceTree = "<group>"; };
		F0A20D451EC9F38A00E81FBF /* UMTJoinActivityRequest.m */ = {isa = PBXFileReference; fileEncoding = 4; lastKnownFileType = sourcecode.c.objc; path = UMTJoinActivityRequest.m; sourceTree = "<group>"; };
		F0A20D471ECAE0A700E81FBF /* UMTComitSuccessController.h */ = {isa = PBXFileReference; fileEncoding = 4; lastKnownFileType = sourcecode.c.h; path = UMTComitSuccessController.h; sourceTree = "<group>"; };
		F0A20D481ECAE0A700E81FBF /* UMTComitSuccessController.m */ = {isa = PBXFileReference; fileEncoding = 4; lastKnownFileType = sourcecode.c.objc; path = UMTComitSuccessController.m; sourceTree = "<group>"; };
		F0A20D491ECAE0A700E81FBF /* UMTComitSuccessController.xib */ = {isa = PBXFileReference; fileEncoding = 4; lastKnownFileType = file.xib; path = UMTComitSuccessController.xib; sourceTree = "<group>"; };
		F0A20D4F1ECB354500E81FBF /* UMTSearchMapRequest.h */ = {isa = PBXFileReference; fileEncoding = 4; lastKnownFileType = sourcecode.c.h; path = UMTSearchMapRequest.h; sourceTree = "<group>"; };
		F0A20D501ECB354500E81FBF /* UMTSearchMapRequest.m */ = {isa = PBXFileReference; fileEncoding = 4; lastKnownFileType = sourcecode.c.objc; path = UMTSearchMapRequest.m; sourceTree = "<group>"; };
		F0A20D521ECC30C700E81FBF /* UMTUpdateVerifyImg.h */ = {isa = PBXFileReference; fileEncoding = 4; lastKnownFileType = sourcecode.c.h; path = UMTUpdateVerifyImg.h; sourceTree = "<group>"; };
		F0A20D531ECC30C700E81FBF /* UMTUpdateVerifyImg.m */ = {isa = PBXFileReference; fileEncoding = 4; lastKnownFileType = sourcecode.c.objc; path = UMTUpdateVerifyImg.m; sourceTree = "<group>"; };
		F0A56DF81EA7462B00B32556 /* UMTTabBar.h */ = {isa = PBXFileReference; fileEncoding = 4; lastKnownFileType = sourcecode.c.h; path = UMTTabBar.h; sourceTree = "<group>"; };
		F0A56DF91EA7462B00B32556 /* UMTTabBar.m */ = {isa = PBXFileReference; fileEncoding = 4; lastKnownFileType = sourcecode.c.objc; path = UMTTabBar.m; sourceTree = "<group>"; };
		F0FB26961E8E9B12000D587E /* UMT-Prefix.pch */ = {isa = PBXFileReference; lastKnownFileType = sourcecode.c.h; name = "UMT-Prefix.pch"; path = "U咪兔/Support/UMT-Prefix.pch"; sourceTree = SOURCE_ROOT; };
		F0FB269A1E8E9E8C000D587E /* UMTUserMgr.h */ = {isa = PBXFileReference; fileEncoding = 4; lastKnownFileType = sourcecode.c.h; path = UMTUserMgr.h; sourceTree = "<group>"; };
		F0FB269B1E8E9E8C000D587E /* UMTUserMgr.m */ = {isa = PBXFileReference; fileEncoding = 4; lastKnownFileType = sourcecode.c.objc; path = UMTUserMgr.m; sourceTree = "<group>"; };
		F0FB26A51E8EA586000D587E /* UIView+Extension.h */ = {isa = PBXFileReference; fileEncoding = 4; lastKnownFileType = sourcecode.c.h; path = "UIView+Extension.h"; sourceTree = "<group>"; };
		F0FB26A61E8EA586000D587E /* UIView+Extension.m */ = {isa = PBXFileReference; fileEncoding = 4; lastKnownFileType = sourcecode.c.objc; path = "UIView+Extension.m"; sourceTree = "<group>"; };
		F0FB26A71E8EA586000D587E /* UMTProgressHUD.h */ = {isa = PBXFileReference; fileEncoding = 4; lastKnownFileType = sourcecode.c.h; path = UMTProgressHUD.h; sourceTree = "<group>"; };
		F0FB26A81E8EA586000D587E /* UMTProgressHUD.m */ = {isa = PBXFileReference; fileEncoding = 4; lastKnownFileType = sourcecode.c.objc; path = UMTProgressHUD.m; sourceTree = "<group>"; };
		F0FB26AB1E8F515A000D587E /* BmobMessageSDK.framework */ = {isa = PBXFileReference; lastKnownFileType = wrapper.framework; path = BmobMessageSDK.framework; sourceTree = "<group>"; };
		F0FB26AD1E8F5EEF000D587E /* UMTUserRealInfo.h */ = {isa = PBXFileReference; fileEncoding = 4; lastKnownFileType = sourcecode.c.h; path = UMTUserRealInfo.h; sourceTree = "<group>"; };
		F0FB26AE1E8F5EEF000D587E /* UMTUserRealInfo.m */ = {isa = PBXFileReference; fileEncoding = 4; lastKnownFileType = sourcecode.c.objc; path = UMTUserRealInfo.m; sourceTree = "<group>"; };
		F0FB26B01E8F5F6F000D587E /* UMTUserInfo.h */ = {isa = PBXFileReference; fileEncoding = 4; lastKnownFileType = sourcecode.c.h; path = UMTUserInfo.h; sourceTree = "<group>"; };
		F0FB26B11E8F5F6F000D587E /* UMTUserInfo.m */ = {isa = PBXFileReference; fileEncoding = 4; lastKnownFileType = sourcecode.c.objc; path = UMTUserInfo.m; sourceTree = "<group>"; };
		F0FB26B81E8FC2AF000D587E /* UMTSaveUserInfoHelper.h */ = {isa = PBXFileReference; fileEncoding = 4; lastKnownFileType = sourcecode.c.h; path = UMTSaveUserInfoHelper.h; sourceTree = "<group>"; };
		F0FB26B91E8FC2AF000D587E /* UMTSaveUserInfoHelper.m */ = {isa = PBXFileReference; fileEncoding = 4; lastKnownFileType = sourcecode.c.objc; path = UMTSaveUserInfoHelper.m; sourceTree = "<group>"; };
		F0FB26BB1E92040B000D587E /* UMTBasicInfoController.h */ = {isa = PBXFileReference; fileEncoding = 4; lastKnownFileType = sourcecode.c.h; path = UMTBasicInfoController.h; sourceTree = "<group>"; };
		F0FB26BC1E92040B000D587E /* UMTBasicInfoController.m */ = {isa = PBXFileReference; fileEncoding = 4; lastKnownFileType = sourcecode.c.objc; path = UMTBasicInfoController.m; sourceTree = "<group>"; };
		F0FB26BF1E9214CF000D587E /* UMTInfoItemView.h */ = {isa = PBXFileReference; fileEncoding = 4; lastKnownFileType = sourcecode.c.h; path = UMTInfoItemView.h; sourceTree = "<group>"; };
		F0FB26C01E9214CF000D587E /* UMTInfoItemView.m */ = {isa = PBXFileReference; fileEncoding = 4; lastKnownFileType = sourcecode.c.objc; path = UMTInfoItemView.m; sourceTree = "<group>"; };
		F0FB26C81E937651000D587E /* UMTPasswordView.h */ = {isa = PBXFileReference; fileEncoding = 4; lastKnownFileType = sourcecode.c.h; path = UMTPasswordView.h; sourceTree = "<group>"; };
		F0FB26C91E937651000D587E /* UMTPasswordView.m */ = {isa = PBXFileReference; fileEncoding = 4; lastKnownFileType = sourcecode.c.objc; path = UMTPasswordView.m; sourceTree = "<group>"; };
		F0FB26CB1E938590000D587E /* UMTPublicInfoView.h */ = {isa = PBXFileReference; fileEncoding = 4; lastKnownFileType = sourcecode.c.h; path = UMTPublicInfoView.h; sourceTree = "<group>"; };
		F0FB26CC1E938590000D587E /* UMTPublicInfoView.m */ = {isa = PBXFileReference; fileEncoding = 4; lastKnownFileType = sourcecode.c.objc; path = UMTPublicInfoView.m; sourceTree = "<group>"; };
		F0FB26D71E949AAC000D587E /* UMTContactCell.h */ = {isa = PBXFileReference; fileEncoding = 4; lastKnownFileType = sourcecode.c.h; path = UMTContactCell.h; sourceTree = "<group>"; };
		F0FB26D81E949AAC000D587E /* UMTContactCell.m */ = {isa = PBXFileReference; fileEncoding = 4; lastKnownFileType = sourcecode.c.objc; path = UMTContactCell.m; sourceTree = "<group>"; };
		F0FB26D91E949AAC000D587E /* UMTContactCell.xib */ = {isa = PBXFileReference; fileEncoding = 4; lastKnownFileType = file.xib; path = UMTContactCell.xib; sourceTree = "<group>"; };
		F0FB26DC1E94D1DF000D587E /* UMTInfoContactController.h */ = {isa = PBXFileReference; fileEncoding = 4; lastKnownFileType = sourcecode.c.h; path = UMTInfoContactController.h; sourceTree = "<group>"; };
		F0FB26DD1E94D1DF000D587E /* UMTInfoContactController.m */ = {isa = PBXFileReference; fileEncoding = 4; lastKnownFileType = sourcecode.c.objc; path = UMTInfoContactController.m; sourceTree = "<group>"; };
		F0FB26DF1E9510CC000D587E /* UMTcertificationController.h */ = {isa = PBXFileReference; fileEncoding = 4; lastKnownFileType = sourcecode.c.h; path = UMTcertificationController.h; sourceTree = "<group>"; };
		F0FB26E01E9510CC000D587E /* UMTcertificationController.m */ = {isa = PBXFileReference; fileEncoding = 4; lastKnownFileType = sourcecode.c.objc; path = UMTcertificationController.m; sourceTree = "<group>"; };
		F0FB26E31E9512EA000D587E /* UMTBaseViewController.h */ = {isa = PBXFileReference; fileEncoding = 4; lastKnownFileType = sourcecode.c.h; path = UMTBaseViewController.h; sourceTree = "<group>"; };
		F0FB26E41E9512EA000D587E /* UMTBaseViewController.m */ = {isa = PBXFileReference; fileEncoding = 4; lastKnownFileType = sourcecode.c.objc; path = UMTBaseViewController.m; sourceTree = "<group>"; };
		F0FB26E61E951BF0000D587E /* UMTSchoolInfoView.h */ = {isa = PBXFileReference; fileEncoding = 4; lastKnownFileType = sourcecode.c.h; path = UMTSchoolInfoView.h; sourceTree = "<group>"; };
		F0FB26E71E951BF0000D587E /* UMTSchoolInfoView.m */ = {isa = PBXFileReference; fileEncoding = 4; lastKnownFileType = sourcecode.c.objc; path = UMTSchoolInfoView.m; sourceTree = "<group>"; };
		F0FB26E91E960724000D587E /* UMTSeparatorLine.h */ = {isa = PBXFileReference; fileEncoding = 4; lastKnownFileType = sourcecode.c.h; path = UMTSeparatorLine.h; sourceTree = "<group>"; };
		F0FB26EA1E960724000D587E /* UMTSeparatorLine.m */ = {isa = PBXFileReference; fileEncoding = 4; lastKnownFileType = sourcecode.c.objc; path = UMTSeparatorLine.m; sourceTree = "<group>"; };
		F0FB26ED1E960923000D587E /* UMTStyleDefine.h */ = {isa = PBXFileReference; fileEncoding = 4; lastKnownFileType = sourcecode.c.h; name = UMTStyleDefine.h; path = "U咪兔/MainClasses/Views/UMTStyleDefine.h"; sourceTree = SOURCE_ROOT; };
		F0FB26EE1E961660000D587E /* UIColor+extension.h */ = {isa = PBXFileReference; fileEncoding = 4; lastKnownFileType = sourcecode.c.h; path = "UIColor+extension.h"; sourceTree = "<group>"; };
		F0FB26EF1E961660000D587E /* UIColor+extension.m */ = {isa = PBXFileReference; fileEncoding = 4; lastKnownFileType = sourcecode.c.objc; path = "UIColor+extension.m"; sourceTree = "<group>"; };
		F0FB26F11E976F45000D587E /* UIResponder+Extension.h */ = {isa = PBXFileReference; fileEncoding = 4; lastKnownFileType = sourcecode.c.h; path = "UIResponder+Extension.h"; sourceTree = "<group>"; };
		F0FB26F21E976F45000D587E /* UIResponder+Extension.m */ = {isa = PBXFileReference; fileEncoding = 4; lastKnownFileType = sourcecode.c.objc; path = "UIResponder+Extension.m"; sourceTree = "<group>"; };
		F0FB26F41E978784000D587E /* UMTUploadPhotoView.h */ = {isa = PBXFileReference; fileEncoding = 4; lastKnownFileType = sourcecode.c.h; path = UMTUploadPhotoView.h; sourceTree = "<group>"; };
		F0FB26F51E978784000D587E /* UMTUploadPhotoView.m */ = {isa = PBXFileReference; fileEncoding = 4; lastKnownFileType = sourcecode.c.objc; path = UMTUploadPhotoView.m; sourceTree = "<group>"; };
		F0FB26F71E97C926000D587E /* UMTResetPasswordController.h */ = {isa = PBXFileReference; fileEncoding = 4; lastKnownFileType = sourcecode.c.h; path = UMTResetPasswordController.h; sourceTree = "<group>"; };
		F0FB26F81E97C926000D587E /* UMTResetPasswordController.m */ = {isa = PBXFileReference; fileEncoding = 4; lastKnownFileType = sourcecode.c.objc; path = UMTResetPasswordController.m; sourceTree = "<group>"; };
		F0FB27011E97DA40000D587E /* UMTLoginRequest.h */ = {isa = PBXFileReference; fileEncoding = 4; lastKnownFileType = sourcecode.c.h; path = UMTLoginRequest.h; sourceTree = "<group>"; };
		F0FB27021E97DA40000D587E /* UMTLoginRequest.m */ = {isa = PBXFileReference; fileEncoding = 4; lastKnownFileType = sourcecode.c.objc; path = UMTLoginRequest.m; sourceTree = "<group>"; };
		F0FB27041E98ADE3000D587E /* UMTRefreshToken.h */ = {isa = PBXFileReference; fileEncoding = 4; lastKnownFileType = sourcecode.c.h; path = UMTRefreshToken.h; sourceTree = "<group>"; };
		F0FB27051E98ADE3000D587E /* UMTRefreshToken.m */ = {isa = PBXFileReference; fileEncoding = 4; lastKnownFileType = sourcecode.c.objc; path = UMTRefreshToken.m; sourceTree = "<group>"; };
		F0FB27071E98FF0F000D587E /* UMTAlertView.h */ = {isa = PBXFileReference; fileEncoding = 4; lastKnownFileType = sourcecode.c.h; path = UMTAlertView.h; sourceTree = "<group>"; };
		F0FB27081E98FF0F000D587E /* UMTAlertView.m */ = {isa = PBXFileReference; fileEncoding = 4; lastKnownFileType = sourcecode.c.objc; path = UMTAlertView.m; sourceTree = "<group>"; };
		F0FB270A1E9A3C3B000D587E /* UMTRegisterHelper.h */ = {isa = PBXFileReference; fileEncoding = 4; lastKnownFileType = sourcecode.c.h; path = UMTRegisterHelper.h; sourceTree = "<group>"; };
		F0FB270B1E9A3C3B000D587E /* UMTRegisterHelper.m */ = {isa = PBXFileReference; fileEncoding = 4; lastKnownFileType = sourcecode.c.objc; path = UMTRegisterHelper.m; sourceTree = "<group>"; };
		F0FB27161E9A5AC0000D587E /* UMTRecommendController.h */ = {isa = PBXFileReference; fileEncoding = 4; lastKnownFileType = sourcecode.c.h; path = UMTRecommendController.h; sourceTree = "<group>"; };
		F0FB27171E9A5AC0000D587E /* UMTRecommendController.m */ = {isa = PBXFileReference; fileEncoding = 4; lastKnownFileType = sourcecode.c.objc; path = UMTRecommendController.m; sourceTree = "<group>"; };
		F0FB27191E9A5CC0000D587E /* UMTFindSchoolController.h */ = {isa = PBXFileReference; fileEncoding = 4; lastKnownFileType = sourcecode.c.h; path = UMTFindSchoolController.h; sourceTree = "<group>"; };
		F0FB271A1E9A5CC0000D587E /* UMTFindSchoolController.m */ = {isa = PBXFileReference; fileEncoding = 4; lastKnownFileType = sourcecode.c.objc; path = UMTFindSchoolController.m; sourceTree = "<group>"; };
		F0FB271C1E9B4B98000D587E /* UMTSearchSchoolRequest.h */ = {isa = PBXFileReference; fileEncoding = 4; lastKnownFileType = sourcecode.c.h; path = UMTSearchSchoolRequest.h; sourceTree = "<group>"; };
		F0FB271D1E9B4B98000D587E /* UMTSearchSchoolRequest.m */ = {isa = PBXFileReference; fileEncoding = 4; lastKnownFileType = sourcecode.c.objc; path = UMTSearchSchoolRequest.m; sourceTree = "<group>"; };
/* End PBXFileReference section */

/* Begin PBXFrameworksBuildPhase section */
		F04ECC171E8E1E5E0024A74B /* Frameworks */ = {
			isa = PBXFrameworksBuildPhase;
			buildActionMask = 2147483647;
			files = (
				FE0B2D1EF0B8EACD2ADE202F /* libPods-U咪兔.a in Frameworks */,
				F0FB26AC1E8F515A000D587E /* BmobMessageSDK.framework in Frameworks */,
			);
			runOnlyForDeploymentPostprocessing = 0;
		};
/* End PBXFrameworksBuildPhase section */

/* Begin PBXGroup section */
		92609FD8F2AB0172BE4F9264 /* Pods */ = {
			isa = PBXGroup;
			children = (
				582361B2DDE14AB37544FE7A /* Pods-U咪兔.debug.xcconfig */,
				51581DC4010D3FC891B900BC /* Pods-U咪兔.release.xcconfig */,
			);
			name = Pods;
			sourceTree = "<group>";
		};
		9ECDF328FA53B7047DD7D2DF /* Frameworks */ = {
			isa = PBXGroup;
			children = (
				F0FB26AB1E8F515A000D587E /* BmobMessageSDK.framework */,
				373B660C20E56D7DF036B505 /* libPods-U咪兔.a */,
			);
			name = Frameworks;
			sourceTree = "<group>";
		};
		F025D0E51E9C792700C0E995 /* Tools */ = {
			isa = PBXGroup;
			children = (
				F025D0E61E9C795700C0E995 /* UMTKeychainTool.h */,
				F025D0E71E9C795700C0E995 /* UMTKeychainTool.m */,
				F025D0ED1E9CB75500C0E995 /* UMTheader.mm */,
			);
			path = Tools;
			sourceTree = "<group>";
		};
		F02669A21E8E55C80016F05B /* Root */ = {
			isa = PBXGroup;
			children = (
				F02669A31E8E55C80016F05B /* LaunchScreen.storyboard */,
				F02669A41E8E55C80016F05B /* Main.storyboard */,
				F02669A51E8E55C80016F05B /* UMTRootViewController.h */,
				F02669A61E8E55C80016F05B /* UMTRootViewController.m */,
				F02669C21E8E6A380016F05B /* UMTNavigationController.h */,
				F02669C31E8E6A380016F05B /* UMTNavigationController.m */,
				F0FB26E31E9512EA000D587E /* UMTBaseViewController.h */,
				F0FB26E41E9512EA000D587E /* UMTBaseViewController.m */,
				F0A56DF81EA7462B00B32556 /* UMTTabBar.h */,
				F0A56DF91EA7462B00B32556 /* UMTTabBar.m */,
			);
			name = Root;
			path = Resource/Root;
			sourceTree = "<group>";
		};
		F04ECC111E8E1E5E0024A74B = {
			isa = PBXGroup;
			children = (
				F04ECC341E8E1EBF0024A74B /* U咪兔 */,
				F04ECC1B1E8E1E5E0024A74B /* Products */,
				92609FD8F2AB0172BE4F9264 /* Pods */,
				9ECDF328FA53B7047DD7D2DF /* Frameworks */,
			);
			sourceTree = "<group>";
		};
		F04ECC1B1E8E1E5E0024A74B /* Products */ = {
			isa = PBXGroup;
			children = (
				F04ECC1A1E8E1E5E0024A74B /* U咪兔.app */,
			);
			name = Products;
			sourceTree = "<group>";
		};
		F04ECC341E8E1EBF0024A74B /* U咪兔 */ = {
			isa = PBXGroup;
			children = (
				F04ECC351E8E1EBF0024A74B /* AppDelegate */,
				F0FB26A31E8EA586000D587E /* General */,
				F0FB26991E8E9E6B000D587E /* UserMgr */,
				F04ECC3E1E8E1EBF0024A74B /* Helper */,
				F04ECC411E8E1EBF0024A74B /* MainClasses */,
				F04ECC581E8E1EBF0024A74B /* Request */,
				F04ECC5B1E8E1EBF0024A74B /* Resource */,
				F02669A21E8E55C80016F05B /* Root */,
				F0FB26661E8E77D1000D587E /* Support */,
				F04ECC6A1E8E4D4C0024A74B /* Supporting Files */,
			);
			path = "U咪兔";
			sourceTree = "<group>";
		};
		F04ECC351E8E1EBF0024A74B /* AppDelegate */ = {
			isa = PBXGroup;
			children = (
				F04ECC361E8E1EBF0024A74B /* AppDelegate.h */,
				F04ECC371E8E1EBF0024A74B /* AppDelegate.m */,
			);
			path = AppDelegate;
			sourceTree = "<group>";
		};
		F04ECC3E1E8E1EBF0024A74B /* Helper */ = {
			isa = PBXGroup;
			children = (
				F0FB26B81E8FC2AF000D587E /* UMTSaveUserInfoHelper.h */,
				F0FB26B91E8FC2AF000D587E /* UMTSaveUserInfoHelper.m */,
				F0FB270A1E9A3C3B000D587E /* UMTRegisterHelper.h */,
				F0FB270B1E9A3C3B000D587E /* UMTRegisterHelper.m */,
				F0A20D2F1EC2F4CC00E81FBF /* UMTTimeHelper.h */,
				F0A20D301EC2F4CC00E81FBF /* UMTTimeHelper.m */,
			);
			path = Helper;
			sourceTree = "<group>";
		};
		F04ECC411E8E1EBF0024A74B /* MainClasses */ = {
			isa = PBXGroup;
			children = (
				F04ECC421E8E1EBF0024A74B /* Controllers */,
				F04ECC4B1E8E1EBF0024A74B /* Models */,
				F04ECC541E8E1EBF0024A74B /* Views */,
			);
			path = MainClasses;
			sourceTree = "<group>";
		};
		F04ECC421E8E1EBF0024A74B /* Controllers */ = {
			isa = PBXGroup;
			children = (
				F04ECC431E8E1EBF0024A74B /* Activity */,
				F0FB270F1E9A5951000D587E /* Find */,
				F04ECC441E8E1EBF0024A74B /* Login */,
				F04ECC461E8E1EBF0024A74B /* Register */,
				F04ECC451E8E1EBF0024A74B /* Message */,
				F04ECC4A1E8E1EBF0024A74B /* Me */,
			);
			path = Controllers;
			sourceTree = "<group>";
		};
		F04ECC431E8E1EBF0024A74B /* Activity */ = {
			isa = PBXGroup;
			children = (
				F0585E531EBF539D004B6488 /* AddActivity */,
				F02669BF1E8E66650016F05B /* UMTActivityController.h */,
				F02669C01E8E66650016F05B /* UMTActivityController.m */,
				F0585DBB1EB9B58B004B6488 /* UMTDetailActivityController.h */,
				F0585DBC1EB9B58B004B6488 /* UMTDetailActivityController.m */,
				F0585DBE1EB9B5A9004B6488 /* UMTActivitySimpleController.h */,
				F0585DBF1EB9B5A9004B6488 /* UMTActivitySimpleController.m */,
				F0585E661EC0887C004B6488 /* UMTCheckDetailController.h */,
				F0585E671EC0887C004B6488 /* UMTCheckDetailController.m */,
				F0585E691EC08D03004B6488 /* UMTCheckSimpleController.h */,
				F0585E6A1EC08D03004B6488 /* UMTCheckSimpleController.m */,
			);
			path = Activity;
			sourceTree = "<group>";
		};
		F04ECC441E8E1EBF0024A74B /* Login */ = {
			isa = PBXGroup;
			children = (
				F02669AA1E8E565C0016F05B /* UMTLoginViewController.h */,
				F02669AB1E8E565C0016F05B /* UMTLoginViewController.m */,
				F02669AC1E8E565C0016F05B /* UMTLoginViewController.xib */,
				F02669B41E8E65820016F05B /* UMTFindPasswordController.h */,
				F02669B51E8E65820016F05B /* UMTFindPasswordController.m */,
				F02669B61E8E65820016F05B /* UMTFindPasswordController.xib */,
				F0FB26F71E97C926000D587E /* UMTResetPasswordController.h */,
				F0FB26F81E97C926000D587E /* UMTResetPasswordController.m */,
			);
			path = Login;
			sourceTree = "<group>";
		};
		F04ECC451E8E1EBF0024A74B /* Message */ = {
			isa = PBXGroup;
			children = (
				F02669B91E8E66290016F05B /* UMTMessageController.h */,
				F02669BA1E8E66290016F05B /* UMTMessageController.m */,
			);
			path = Message;
			sourceTree = "<group>";
		};
		F04ECC461E8E1EBF0024A74B /* Register */ = {
			isa = PBXGroup;
			children = (
				F02669AF1E8E56C90016F05B /* UMTRegisterViewController.h */,
				F02669B01E8E56C90016F05B /* UMTRegisterViewController.m */,
				F02669B11E8E56C90016F05B /* UMTRegisterViewController.xib */,
				F0FB26BB1E92040B000D587E /* UMTBasicInfoController.h */,
				F0FB26BC1E92040B000D587E /* UMTBasicInfoController.m */,
				F0FB26DC1E94D1DF000D587E /* UMTInfoContactController.h */,
				F0FB26DD1E94D1DF000D587E /* UMTInfoContactController.m */,
				F0FB26DF1E9510CC000D587E /* UMTcertificationController.h */,
				F0FB26E01E9510CC000D587E /* UMTcertificationController.m */,
				F0FB27191E9A5CC0000D587E /* UMTFindSchoolController.h */,
				F0FB271A1E9A5CC0000D587E /* UMTFindSchoolController.m */,
				F0A20D471ECAE0A700E81FBF /* UMTComitSuccessController.h */,
				F0A20D481ECAE0A700E81FBF /* UMTComitSuccessController.m */,
				F0A20D491ECAE0A700E81FBF /* UMTComitSuccessController.xib */,
			);
			path = Register;
			sourceTree = "<group>";
		};
		F04ECC4A1E8E1EBF0024A74B /* Me */ = {
			isa = PBXGroup;
			children = (
				F0585DB11EB854EF004B6488 /* UMTMeViewController.h */,
				F0585DB21EB854EF004B6488 /* UMTMeViewController.m */,
				F0585DB41EB85501004B6488 /* Setting */,
			);
			name = Me;
			path = Setting;
			sourceTree = "<group>";
		};
		F04ECC4B1E8E1EBF0024A74B /* Models */ = {
			isa = PBXGroup;
			children = (
				F04ECC4C1E8E1EBF0024A74B /* Activity */,
				F0FB270E1E9A593C000D587E /* Find */,
				F04ECC4D1E8E1EBF0024A74B /* Login */,
				F04ECC4E1E8E1EBF0024A74B /* Message */,
				F04ECC4F1E8E1EBF0024A74B /* Register */,
				F04ECC531E8E1EBF0024A74B /* Me */,
				F0A20D2C1EC2BA9700E81FBF /* UMTUserInfoModel.h */,
				F0A20D2D1EC2BA9700E81FBF /* UMTUserInfoModel.m */,
			);
			path = Models;
			sourceTree = "<group>";
		};
		F04ECC4C1E8E1EBF0024A74B /* Activity */ = {
			isa = PBXGroup;
			children = (
				F0585E2D1EBAE251004B6488 /* UMTDetailActivityCellModel.h */,
				F0585E2E1EBAE251004B6488 /* UMTDetailActivityCellModel.m */,
			);
			path = Activity;
			sourceTree = "<group>";
		};
		F04ECC4D1E8E1EBF0024A74B /* Login */ = {
			isa = PBXGroup;
			children = (
			);
			path = Login;
			sourceTree = "<group>";
		};
		F04ECC4E1E8E1EBF0024A74B /* Message */ = {
			isa = PBXGroup;
			children = (
			);
			path = Message;
			sourceTree = "<group>";
		};
		F04ECC4F1E8E1EBF0024A74B /* Register */ = {
			isa = PBXGroup;
			children = (
			);
			path = Register;
			sourceTree = "<group>";
		};
		F04ECC531E8E1EBF0024A74B /* Me */ = {
			isa = PBXGroup;
			children = (
			);
			name = Me;
			path = Setting;
			sourceTree = "<group>";
		};
		F04ECC541E8E1EBF0024A74B /* Views */ = {
			isa = PBXGroup;
			children = (
				F0FB26BE1E921469000D587E /* Register */,
				F04ECC551E8E1EBF0024A74B /* Activity */,
				F0FB27101E9A5968000D587E /* Find */,
				F04ECC561E8E1EBF0024A74B /* Message */,
				F04ECC571E8E1EBF0024A74B /* Me */,
				F0FB26E91E960724000D587E /* UMTSeparatorLine.h */,
				F0FB26EA1E960724000D587E /* UMTSeparatorLine.m */,
				F0FB27071E98FF0F000D587E /* UMTAlertView.h */,
				F0FB27081E98FF0F000D587E /* UMTAlertView.m */,
				F06F2ACF1EAA05270068DAD3 /* UMTCircleView.h */,
				F06F2AD01EAA05270068DAD3 /* UMTCircleView.m */,
			);
			path = Views;
			sourceTree = "<group>";
		};
		F04ECC551E8E1EBF0024A74B /* Activity */ = {
			isa = PBXGroup;
			children = (
				F0585E461EBDCAA6004B6488 /* AddActivity */,
				F0585DB81EB9A6AA004B6488 /* UMTActivityNavgationBar.h */,
				F0585DB91EB9A6AA004B6488 /* UMTActivityNavgationBar.m */,
				F0585DFC1EBA21E9004B6488 /* UMTDetailActivityCell.h */,
				F0585DFD1EBA21E9004B6488 /* UMTDetailActivityCell.m */,
				F0585E361EBC5154004B6488 /* UMTTagView.h */,
				F0585E371EBC5154004B6488 /* UMTTagView.m */,
				F0585E3C1EBC9357004B6488 /* UMTSimpleActivityCell.h */,
				F0585E3D1EBC9357004B6488 /* UMTSimpleActivityCell.m */,
				F0585E401EBD98E7004B6488 /* UMTSiteView.h */,
				F0585E411EBD98E7004B6488 /* UMTSiteView.m */,
				F0585E6C1EC097A8004B6488 /* UMTActivitTopView.h */,
				F0585E6D1EC097A8004B6488 /* UMTActivitTopView.m */,
				F0A20D261EC1A6E200E81FBF /* UMTDetailActicityView.h */,
				F0A20D271EC1A6E200E81FBF /* UMTDetailActicityView.m */,
				F0A20D291EC1AD8300E81FBF /* UMTSimpleActivityView.h */,
				F0A20D2A1EC1AD8300E81FBF /* UMTSimpleActivityView.m */,
			);
			path = Activity;
			sourceTree = "<group>";
		};
		F04ECC561E8E1EBF0024A74B /* Message */ = {
			isa = PBXGroup;
			children = (
			);
			path = Message;
			sourceTree = "<group>";
		};
		F04ECC571E8E1EBF0024A74B /* Me */ = {
			isa = PBXGroup;
			children = (
			);
			name = Me;
			path = Setting;
			sourceTree = "<group>";
		};
		F04ECC581E8E1EBF0024A74B /* Request */ = {
			isa = PBXGroup;
			children = (
				F04ECC591E8E1EBF0024A74B /* UMTBaseRequest.h */,
				F04ECC5A1E8E1EBF0024A74B /* UMTBaseRequest.m */,
				F0FB27041E98ADE3000D587E /* UMTRefreshToken.h */,
				F0FB27051E98ADE3000D587E /* UMTRefreshToken.m */,
				F0FB27141E9A59CF000D587E /* Register */,
				F0FB26FA1E97CD3F000D587E /* Login */,
				F0FB27111E9A59CF000D587E /* Activity */,
				F0FB27121E9A59CF000D587E /* Message */,
				F0FB27131E9A59CF000D587E /* Find */,
				F0FB27151E9A59CF000D587E /* Me */,
			);
			path = Request;
			sourceTree = "<group>";
		};
		F04ECC5B1E8E1EBF0024A74B /* Resource */ = {
			isa = PBXGroup;
			children = (
				F04ECC5C1E8E1EBF0024A74B /* Assets.xcassets */,
			);
			path = Resource;
			sourceTree = "<group>";
		};
		F04ECC6A1E8E4D4C0024A74B /* Supporting Files */ = {
			isa = PBXGroup;
			children = (
				F04ECC3F1E8E1EBF0024A74B /* Info.plist */,
				F04ECC401E8E1EBF0024A74B /* main.m */,
			);
			name = "Supporting Files";
			sourceTree = "<group>";
		};
		F0585DB41EB85501004B6488 /* Setting */ = {
			isa = PBXGroup;
			children = (
				F02669BC1E8E663C0016F05B /* UMTSettingController.h */,
				F02669BD1E8E663C0016F05B /* UMTSettingController.m */,
			);
			name = Setting;
			sourceTree = "<group>";
		};
		F0585E461EBDCAA6004B6488 /* AddActivity */ = {
			isa = PBXGroup;
			children = (
				F0585E471EBDCAC9004B6488 /* UMTAddActivityNavBar.h */,
				F0585E481EBDCAC9004B6488 /* UMTAddActivityNavBar.m */,
				F0585E5A1EBF5426004B6488 /* UMTAddActivityItem.h */,
				F0585E5B1EBF5426004B6488 /* UMTAddActivityItem.m */,
				F0585E4D1EBE0810004B6488 /* UMTAddActivityTimeView.h */,
				F0585E4E1EBE0810004B6488 /* UMTAddActivityTimeView.m */,
				F0A20D3B1EC5E83500E81FBF /* UMTTagCell.h */,
				F0A20D3C1EC5E83500E81FBF /* UMTTagCell.m */,
				F0A20D411EC83B1000E81FBF /* UMTActivityTypeView.h */,
				F0A20D421EC83B1000E81FBF /* UMTActivityTypeView.m */,
			);
			path = AddActivity;
			sourceTree = "<group>";
		};
		F0585E531EBF539D004B6488 /* AddActivity */ = {
			isa = PBXGroup;
			children = (
				F0585E541EBF539D004B6488 /* UMTIssueDetailActivityController.h */,
				F0585E551EBF539D004B6488 /* UMTIssueDetailActivityController.m */,
				F0585E561EBF539D004B6488 /* UMTSiteViewController.h */,
				F0585E571EBF539D004B6488 /* UMTSiteViewController.m */,
				F0585E5D1EBF6A05004B6488 /* UMTTagChooseController.h */,
				F0585E5E1EBF6A05004B6488 /* UMTTagChooseController.m */,
				F0585E601EBF6DC5004B6488 /* UMTIssueSimpleActivityController.h */,
				F0585E611EBF6DC5004B6488 /* UMTIssueSimpleActivityController.m */,
			);
			path = AddActivity;
			sourceTree = "<group>";
		};
		F0FB26661E8E77D1000D587E /* Support */ = {
			isa = PBXGroup;
			children = (
				F0FB26961E8E9B12000D587E /* UMT-Prefix.pch */,
				F0FB26ED1E960923000D587E /* UMTStyleDefine.h */,
			);
			name = Support;
			path = Other;
			sourceTree = "<group>";
		};
		F0FB26991E8E9E6B000D587E /* UserMgr */ = {
			isa = PBXGroup;
			children = (
				F0FB269A1E8E9E8C000D587E /* UMTUserMgr.h */,
				F0FB269B1E8E9E8C000D587E /* UMTUserMgr.m */,
				F0FB26AD1E8F5EEF000D587E /* UMTUserRealInfo.h */,
				F0FB26AE1E8F5EEF000D587E /* UMTUserRealInfo.m */,
				F0FB26B01E8F5F6F000D587E /* UMTUserInfo.h */,
				F0FB26B11E8F5F6F000D587E /* UMTUserInfo.m */,
			);
			path = UserMgr;
			sourceTree = "<group>";
		};
		F0FB26A31E8EA586000D587E /* General */ = {
			isa = PBXGroup;
			children = (
				F025D0E51E9C792700C0E995 /* Tools */,
				F0FB26A41E8EA586000D587E /* Extension */,
				F0FB26A71E8EA586000D587E /* UMTProgressHUD.h */,
				F0FB26A81E8EA586000D587E /* UMTProgressHUD.m */,
			);
			path = General;
			sourceTree = "<group>";
		};
		F0FB26A41E8EA586000D587E /* Extension */ = {
			isa = PBXGroup;
			children = (
				F0FB26A51E8EA586000D587E /* UIView+Extension.h */,
				F0FB26A61E8EA586000D587E /* UIView+Extension.m */,
				F0FB26EE1E961660000D587E /* UIColor+extension.h */,
				F0FB26EF1E961660000D587E /* UIColor+extension.m */,
				F0FB26F11E976F45000D587E /* UIResponder+Extension.h */,
				F0FB26F21E976F45000D587E /* UIResponder+Extension.m */,
				F0585E431EBDA854004B6488 /* NSString+Extension.h */,
				F0585E441EBDA854004B6488 /* NSString+Extension.m */,
				F0A20D3E1EC6C71900E81FBF /* UIImage+Extension.h */,
				F0A20D3F1EC6C71900E81FBF /* UIImage+Extension.m */,
			);
			path = Extension;
			sourceTree = "<group>";
		};
		F0FB26BE1E921469000D587E /* Register */ = {
			isa = PBXGroup;
			children = (
				F0FB26BF1E9214CF000D587E /* UMTInfoItemView.h */,
				F0FB26C01E9214CF000D587E /* UMTInfoItemView.m */,
				F0FB26C71E937651000D587E /* BasicInfo */,
				F0FB26E21E9510FE000D587E /* Certification */,
			);
			path = Register;
			sourceTree = "<group>";
		};
		F0FB26C71E937651000D587E /* BasicInfo */ = {
			isa = PBXGroup;
			children = (
				F0FB26C81E937651000D587E /* UMTPasswordView.h */,
				F0FB26C91E937651000D587E /* UMTPasswordView.m */,
				F0FB26CB1E938590000D587E /* UMTPublicInfoView.h */,
				F0FB26CC1E938590000D587E /* UMTPublicInfoView.m */,
				F0FB26D71E949AAC000D587E /* UMTContactCell.h */,
				F0FB26D81E949AAC000D587E /* UMTContactCell.m */,
				F0FB26D91E949AAC000D587E /* UMTContactCell.xib */,
			);
			path = BasicInfo;
			sourceTree = "<group>";
		};
		F0FB26E21E9510FE000D587E /* Certification */ = {
			isa = PBXGroup;
			children = (
				F0FB26E61E951BF0000D587E /* UMTSchoolInfoView.h */,
				F0FB26E71E951BF0000D587E /* UMTSchoolInfoView.m */,
				F0FB26F41E978784000D587E /* UMTUploadPhotoView.h */,
				F0FB26F51E978784000D587E /* UMTUploadPhotoView.m */,
			);
			path = Certification;
			sourceTree = "<group>";
		};
		F0FB26FA1E97CD3F000D587E /* Login */ = {
			isa = PBXGroup;
			children = (
				F0FB27011E97DA40000D587E /* UMTLoginRequest.h */,
				F0FB27021E97DA40000D587E /* UMTLoginRequest.m */,
			);
			path = Login;
			sourceTree = "<group>";
		};
		F0FB270E1E9A593C000D587E /* Find */ = {
			isa = PBXGroup;
			children = (
			);
			name = Find;
			path = Recommend;
			sourceTree = "<group>";
		};
		F0FB270F1E9A5951000D587E /* Find */ = {
			isa = PBXGroup;
			children = (
				F0FB27161E9A5AC0000D587E /* UMTRecommendController.h */,
				F0FB27171E9A5AC0000D587E /* UMTRecommendController.m */,
			);
			name = Find;
			path = Recommend;
			sourceTree = "<group>";
		};
		F0FB27101E9A5968000D587E /* Find */ = {
			isa = PBXGroup;
			children = (
				F0585DAE1EB853C7004B6488 /* UMTFindCell.h */,
				F0585DAF1EB853C7004B6488 /* UMTFindCell.m */,
			);
			name = Find;
			path = Register/Recommend;
			sourceTree = "<group>";
		};
		F0FB27111E9A59CF000D587E /* Activity */ = {
			isa = PBXGroup;
			children = (
				F0585E391EBC8565004B6488 /* UMTGetActivityListRequest.h */,
				F0585E3A1EBC8565004B6488 /* UMTGetActivityListRequest.m */,
				F0A20D321EC2F7D700E81FBF /* UMTGetSimpleActivityListRequest.h */,
				F0A20D331EC2F7D700E81FBF /* UMTGetSimpleActivityListRequest.m */,
				F0A20D351EC4693D00E81FBF /* UMTIssurActivityRequest.h */,
				F0A20D361EC4693D00E81FBF /* UMTIssurActivityRequest.m */,
				F0A20D381EC49B9500E81FBF /* UMTSearchTagRequest.h */,
				F0A20D391EC49B9500E81FBF /* UMTSearchTagRequest.m */,
				F0A20D441EC9F38A00E81FBF /* UMTJoinActivityRequest.h */,
				F0A20D451EC9F38A00E81FBF /* UMTJoinActivityRequest.m */,
				F0A20D4F1ECB354500E81FBF /* UMTSearchMapRequest.h */,
				F0A20D501ECB354500E81FBF /* UMTSearchMapRequest.m */,
				F0A20D521ECC30C700E81FBF /* UMTUpdateVerifyImg.h */,
				F0A20D531ECC30C700E81FBF /* UMTUpdateVerifyImg.m */,
			);
			path = Activity;
			sourceTree = "<group>";
		};
		F0FB27121E9A59CF000D587E /* Message */ = {
			isa = PBXGroup;
			children = (
			);
			path = Message;
			sourceTree = "<group>";
		};
		F0FB27131E9A59CF000D587E /* Find */ = {
			isa = PBXGroup;
			children = (
			);
			name = Find;
			path = Recommend;
			sourceTree = "<group>";
		};
		F0FB27141E9A59CF000D587E /* Register */ = {
			isa = PBXGroup;
			children = (
				F0FB271C1E9B4B98000D587E /* UMTSearchSchoolRequest.h */,
				F0FB271D1E9B4B98000D587E /* UMTSearchSchoolRequest.m */,
				F025D0E21E9B922300C0E995 /* UMTRegesterRequest.h */,
				F025D0E31E9B922300C0E995 /* UMTRegesterRequest.m */,
			);
			path = Register;
			sourceTree = "<group>";
		};
		F0FB27151E9A59CF000D587E /* Me */ = {
			isa = PBXGroup;
			children = (
			);
			name = Me;
			path = Setting;
			sourceTree = "<group>";
		};
/* End PBXGroup section */

/* Begin PBXNativeTarget section */
		F04ECC191E8E1E5E0024A74B /* U咪兔 */ = {
			isa = PBXNativeTarget;
			buildConfigurationList = F04ECC311E8E1E5E0024A74B /* Build configuration list for PBXNativeTarget "U咪兔" */;
			buildPhases = (
				517648A6A0834F47A3B2DF15 /* [CP] Check Pods Manifest.lock */,
				F04ECC161E8E1E5E0024A74B /* Sources */,
				F04ECC171E8E1E5E0024A74B /* Frameworks */,
				F04ECC181E8E1E5E0024A74B /* Resources */,
				EA858A547EF7B1364FA5566B /* [CP] Embed Pods Frameworks */,
				2DC1426E549A876865D18861 /* [CP] Copy Pods Resources */,
			);
			buildRules = (
			);
			dependencies = (
			);
			name = "U咪兔";
			productName = "U咪兔";
			productReference = F04ECC1A1E8E1E5E0024A74B /* U咪兔.app */;
			productType = "com.apple.product-type.application";
		};
/* End PBXNativeTarget section */

/* Begin PBXProject section */
		F04ECC121E8E1E5E0024A74B /* Project object */ = {
			isa = PBXProject;
			attributes = {
				CLASSPREFIX = UMT;
				LastUpgradeCheck = 0830;
				ORGANIZATIONNAME = RhettTamp;
				TargetAttributes = {
					F04ECC191E8E1E5E0024A74B = {
						CreatedOnToolsVersion = 8.3;
						DevelopmentTeam = 6F2P7ZWTTE;
						ProvisioningStyle = Automatic;
					};
				};
			};
			buildConfigurationList = F04ECC151E8E1E5E0024A74B /* Build configuration list for PBXProject "U咪兔" */;
			compatibilityVersion = "Xcode 3.2";
			developmentRegion = English;
			hasScannedForEncodings = 0;
			knownRegions = (
				en,
				Base,
			);
			mainGroup = F04ECC111E8E1E5E0024A74B;
			productRefGroup = F04ECC1B1E8E1E5E0024A74B /* Products */;
			projectDirPath = "";
			projectRoot = "";
			targets = (
				F04ECC191E8E1E5E0024A74B /* U咪兔 */,
			);
		};
/* End PBXProject section */

/* Begin PBXResourcesBuildPhase section */
		F04ECC181E8E1E5E0024A74B /* Resources */ = {
			isa = PBXResourcesBuildPhase;
			buildActionMask = 2147483647;
			files = (
				F02669A71E8E55C80016F05B /* LaunchScreen.storyboard in Resources */,
				F02669B81E8E65820016F05B /* UMTFindPasswordController.xib in Resources */,
				F04ECC671E8E1EBF0024A74B /* Assets.xcassets in Resources */,
				F0FB26DB1E949AAC000D587E /* UMTContactCell.xib in Resources */,
				F04ECC641E8E1EBF0024A74B /* Info.plist in Resources */,
				F0A20D4B1ECAE0A700E81FBF /* UMTComitSuccessController.xib in Resources */,
				F02669AE1E8E565C0016F05B /* UMTLoginViewController.xib in Resources */,
				F02669B31E8E56C90016F05B /* UMTRegisterViewController.xib in Resources */,
				F02669A81E8E55C80016F05B /* Main.storyboard in Resources */,
			);
			runOnlyForDeploymentPostprocessing = 0;
		};
/* End PBXResourcesBuildPhase section */

/* Begin PBXShellScriptBuildPhase section */
		2DC1426E549A876865D18861 /* [CP] Copy Pods Resources */ = {
			isa = PBXShellScriptBuildPhase;
			buildActionMask = 2147483647;
			files = (
			);
			inputPaths = (
			);
			name = "[CP] Copy Pods Resources";
			outputPaths = (
			);
			runOnlyForDeploymentPostprocessing = 0;
			shellPath = /bin/sh;
			shellScript = "\"${SRCROOT}/Pods/Target Support Files/Pods-U咪兔/Pods-U咪兔-resources.sh\"\n";
			showEnvVarsInLog = 0;
		};
		517648A6A0834F47A3B2DF15 /* [CP] Check Pods Manifest.lock */ = {
			isa = PBXShellScriptBuildPhase;
			buildActionMask = 2147483647;
			files = (
			);
			inputPaths = (
			);
			name = "[CP] Check Pods Manifest.lock";
			outputPaths = (
			);
			runOnlyForDeploymentPostprocessing = 0;
			shellPath = /bin/sh;
			shellScript = "diff \"${PODS_ROOT}/../Podfile.lock\" \"${PODS_ROOT}/Manifest.lock\" > /dev/null\nif [ $? != 0 ] ; then\n    # print error to STDERR\n    echo \"error: The sandbox is not in sync with the Podfile.lock. Run 'pod install' or update your CocoaPods installation.\" >&2\n    exit 1\nfi\n";
			showEnvVarsInLog = 0;
		};
		EA858A547EF7B1364FA5566B /* [CP] Embed Pods Frameworks */ = {
			isa = PBXShellScriptBuildPhase;
			buildActionMask = 2147483647;
			files = (
			);
			inputPaths = (
			);
			name = "[CP] Embed Pods Frameworks";
			outputPaths = (
			);
			runOnlyForDeploymentPostprocessing = 0;
			shellPath = /bin/sh;
			shellScript = "\"${SRCROOT}/Pods/Target Support Files/Pods-U咪兔/Pods-U咪兔-frameworks.sh\"\n";
			showEnvVarsInLog = 0;
		};
/* End PBXShellScriptBuildPhase section */

/* Begin PBXSourcesBuildPhase section */
		F04ECC161E8E1E5E0024A74B /* Sources */ = {
			isa = PBXSourcesBuildPhase;
			buildActionMask = 2147483647;
			files = (
				F0FB271B1E9A5CC0000D587E /* UMTFindSchoolController.m in Sources */,
				F0A20D3D1EC5E83500E81FBF /* UMTTagCell.m in Sources */,
				F0FB26F31E976F45000D587E /* UIResponder+Extension.m in Sources */,
				F0A20D2E1EC2BA9700E81FBF /* UMTUserInfoModel.m in Sources */,
				F0FB26BD1E92040B000D587E /* UMTBasicInfoController.m in Sources */,
				F0A20D4A1ECAE0A700E81FBF /* UMTComitSuccessController.m in Sources */,
				F0585DB01EB853C7004B6488 /* UMTFindCell.m in Sources */,
				F0585E5C1EBF5426004B6488 /* UMTAddActivityItem.m in Sources */,
				F0FB26F61E978784000D587E /* UMTUploadPhotoView.m in Sources */,
				F0585E6E1EC097A8004B6488 /* UMTActivitTopView.m in Sources */,
				F0585E451EBDA854004B6488 /* NSString+Extension.m in Sources */,
				F0585E3F1EBCC03B004B6488 /* UMTSimpleActivityCell.m in Sources */,
				F025D0E81E9C795700C0E995 /* UMTKeychainTool.m in Sources */,
				F0585E2F1EBAE251004B6488 /* UMTDetailActivityCellModel.m in Sources */,
				F0A20D401EC6C71900E81FBF /* UIImage+Extension.m in Sources */,
				F02669BB1E8E66290016F05B /* UMTMessageController.m in Sources */,
				F0585DFE1EBA21E9004B6488 /* UMTDetailActivityCell.m in Sources */,
				F025D0E41E9B922300C0E995 /* UMTRegesterRequest.m in Sources */,
				F0A20D541ECC30C700E81FBF /* UMTUpdateVerifyImg.m in Sources */,
				F0585E581EBF539D004B6488 /* UMTIssueDetailActivityController.m in Sources */,
				F0585E5F1EBF6A05004B6488 /* UMTTagChooseController.m in Sources */,
				F0A20D511ECB354500E81FBF /* UMTSearchMapRequest.m in Sources */,
				F02669B21E8E56C90016F05B /* UMTRegisterViewController.m in Sources */,
				F0585DC01EB9B5A9004B6488 /* UMTActivitySimpleController.m in Sources */,
				F0FB26F01E961660000D587E /* UIColor+extension.m in Sources */,
				F0A20D371EC4693D00E81FBF /* UMTIssurActivityRequest.m in Sources */,
				F0585E491EBDCAC9004B6488 /* UMTAddActivityNavBar.m in Sources */,
				F0585E381EBC5154004B6488 /* UMTTagView.m in Sources */,
				F0FB26DA1E949AAC000D587E /* UMTContactCell.m in Sources */,
				F0A20D3A1EC49B9500E81FBF /* UMTSearchTagRequest.m in Sources */,
				F0FB26F91E97C926000D587E /* UMTResetPasswordController.m in Sources */,
				F0FB27031E97DA40000D587E /* UMTLoginRequest.m in Sources */,
				F0FB26BA1E8FC2AF000D587E /* UMTSaveUserInfoHelper.m in Sources */,
				F0585E681EC0887C004B6488 /* UMTCheckDetailController.m in Sources */,
				F0FB26E81E951BF0000D587E /* UMTSchoolInfoView.m in Sources */,
				F0A20D341EC2F7D700E81FBF /* UMTGetSimpleActivityListRequest.m in Sources */,
				F0FB26CD1E938590000D587E /* UMTPublicInfoView.m in Sources */,
				F0A56DFA1EA7462B00B32556 /* UMTTabBar.m in Sources */,
				F0FB26C11E9214CF000D587E /* UMTInfoItemView.m in Sources */,
				F0FB26A91E8EA586000D587E /* UIView+Extension.m in Sources */,
				F0FB26AA1E8EA586000D587E /* UMTProgressHUD.m in Sources */,
				F0FB27181E9A5AC0000D587E /* UMTRecommendController.m in Sources */,
				F0585E4F1EBE0810004B6488 /* UMTAddActivityTimeView.m in Sources */,
				F04ECC601E8E1EBF0024A74B /* AppDelegate.m in Sources */,
				F0FB26E11E9510CC000D587E /* UMTcertificationController.m in Sources */,
				F0585DB31EB854EF004B6488 /* UMTMeViewController.m in Sources */,
				F0585DBA1EB9A6AA004B6488 /* UMTActivityNavgationBar.m in Sources */,
				F02669C41E8E6A380016F05B /* UMTNavigationController.m in Sources */,
				F0A20D461EC9F38A00E81FBF /* UMTJoinActivityRequest.m in Sources */,
				F0FB27061E98ADE3000D587E /* UMTRefreshToken.m in Sources */,
				F0585E621EBF6DC5004B6488 /* UMTIssueSimpleActivityController.m in Sources */,
				F0585DBD1EB9B58B004B6488 /* UMTDetailActivityController.m in Sources */,
				F0FB26CA1E937651000D587E /* UMTPasswordView.m in Sources */,
				F0FB26DE1E94D1DF000D587E /* UMTInfoContactController.m in Sources */,
				F0A20D2B1EC1AD8300E81FBF /* UMTSimpleActivityView.m in Sources */,
				F02669B71E8E65820016F05B /* UMTFindPasswordController.m in Sources */,
				F0FB27091E98FF0F000D587E /* UMTAlertView.m in Sources */,
				F0FB26EB1E960724000D587E /* UMTSeparatorLine.m in Sources */,
				F0585E3B1EBC8565004B6488 /* UMTGetActivityListRequest.m in Sources */,
				F0FB270C1E9A3C3B000D587E /* UMTRegisterHelper.m in Sources */,
				F0A20D311EC2F4CC00E81FBF /* UMTTimeHelper.m in Sources */,
				F0FB269C1E8E9E8C000D587E /* UMTUserMgr.m in Sources */,
				F04ECC661E8E1EBF0024A74B /* UMTBaseRequest.m in Sources */,
				F0585E591EBF539D004B6488 /* UMTSiteViewController.m in Sources */,
				F0FB26E51E9512EA000D587E /* UMTBaseViewController.m in Sources */,
				F0FB271E1E9B4B98000D587E /* UMTSearchSchoolRequest.m in Sources */,
				F06F2AD11EAA05270068DAD3 /* UMTCircleView.m in Sources */,
				F0585E6B1EC08D03004B6488 /* UMTCheckSimpleController.m in Sources */,
				F0FB26B21E8F5F6F000D587E /* UMTUserInfo.m in Sources */,
				F04ECC651E8E1EBF0024A74B /* main.m in Sources */,
				F0A20D431EC83B1000E81FBF /* UMTActivityTypeView.m in Sources */,
				F0A20D281EC1A6E200E81FBF /* UMTDetailActicityView.m in Sources */,
				F0585E421EBD98E7004B6488 /* UMTSiteView.m in Sources */,
				F02669BE1E8E663C0016F05B /* UMTSettingController.m in Sources */,
				F0FB26AF1E8F5EEF000D587E /* UMTUserRealInfo.m in Sources */,
				F02669AD1E8E565C0016F05B /* UMTLoginViewController.m in Sources */,
				F02669A91E8E55C80016F05B /* UMTRootViewController.m in Sources */,
				F02669C11E8E66650016F05B /* UMTActivityController.m in Sources */,
			);
			runOnlyForDeploymentPostprocessing = 0;
		};
/* End PBXSourcesBuildPhase section */

/* Begin XCBuildConfiguration section */
		F04ECC2F1E8E1E5E0024A74B /* Debug */ = {
			isa = XCBuildConfiguration;
			buildSettings = {
				ALWAYS_SEARCH_USER_PATHS = NO;
				CLANG_ANALYZER_NONNULL = YES;
				CLANG_ANALYZER_NUMBER_OBJECT_CONVERSION = YES_AGGRESSIVE;
				CLANG_CXX_LANGUAGE_STANDARD = "gnu++0x";
				CLANG_CXX_LIBRARY = "libc++";
				CLANG_ENABLE_MODULES = YES;
				CLANG_ENABLE_OBJC_ARC = YES;
				CLANG_WARN_BOOL_CONVERSION = YES;
				CLANG_WARN_CONSTANT_CONVERSION = YES;
				CLANG_WARN_DIRECT_OBJC_ISA_USAGE = YES_ERROR;
				CLANG_WARN_DOCUMENTATION_COMMENTS = YES;
				CLANG_WARN_EMPTY_BODY = YES;
				CLANG_WARN_ENUM_CONVERSION = YES;
				CLANG_WARN_INFINITE_RECURSION = YES;
				CLANG_WARN_INT_CONVERSION = YES;
				CLANG_WARN_OBJC_ROOT_CLASS = YES_ERROR;
				CLANG_WARN_SUSPICIOUS_MOVE = YES;
				CLANG_WARN_UNREACHABLE_CODE = YES;
				CLANG_WARN__DUPLICATE_METHOD_MATCH = YES;
				"CODE_SIGN_IDENTITY[sdk=iphoneos*]" = "iPhone Developer";
				COPY_PHASE_STRIP = NO;
				DEBUG_INFORMATION_FORMAT = dwarf;
				ENABLE_STRICT_OBJC_MSGSEND = YES;
				ENABLE_TESTABILITY = YES;
				GCC_C_LANGUAGE_STANDARD = gnu99;
				GCC_DYNAMIC_NO_PIC = NO;
				GCC_NO_COMMON_BLOCKS = YES;
				GCC_OPTIMIZATION_LEVEL = 0;
				GCC_PREPROCESSOR_DEFINITIONS = (
					"DEBUG=1",
					"$(inherited)",
				);
				GCC_WARN_64_TO_32_BIT_CONVERSION = YES;
				GCC_WARN_ABOUT_RETURN_TYPE = YES_ERROR;
				GCC_WARN_UNDECLARED_SELECTOR = YES;
				GCC_WARN_UNINITIALIZED_AUTOS = YES_AGGRESSIVE;
				GCC_WARN_UNUSED_FUNCTION = YES;
				GCC_WARN_UNUSED_VARIABLE = YES;
				IPHONEOS_DEPLOYMENT_TARGET = 10.3;
				MTL_ENABLE_DEBUG_INFO = YES;
				ONLY_ACTIVE_ARCH = YES;
				SDKROOT = iphoneos;
				TARGETED_DEVICE_FAMILY = "1,2";
			};
			name = Debug;
		};
		F04ECC301E8E1E5E0024A74B /* Release */ = {
			isa = XCBuildConfiguration;
			buildSettings = {
				ALWAYS_SEARCH_USER_PATHS = NO;
				CLANG_ANALYZER_NONNULL = YES;
				CLANG_ANALYZER_NUMBER_OBJECT_CONVERSION = YES_AGGRESSIVE;
				CLANG_CXX_LANGUAGE_STANDARD = "gnu++0x";
				CLANG_CXX_LIBRARY = "libc++";
				CLANG_ENABLE_MODULES = YES;
				CLANG_ENABLE_OBJC_ARC = YES;
				CLANG_WARN_BOOL_CONVERSION = YES;
				CLANG_WARN_CONSTANT_CONVERSION = YES;
				CLANG_WARN_DIRECT_OBJC_ISA_USAGE = YES_ERROR;
				CLANG_WARN_DOCUMENTATION_COMMENTS = YES;
				CLANG_WARN_EMPTY_BODY = YES;
				CLANG_WARN_ENUM_CONVERSION = YES;
				CLANG_WARN_INFINITE_RECURSION = YES;
				CLANG_WARN_INT_CONVERSION = YES;
				CLANG_WARN_OBJC_ROOT_CLASS = YES_ERROR;
				CLANG_WARN_SUSPICIOUS_MOVE = YES;
				CLANG_WARN_UNREACHABLE_CODE = YES;
				CLANG_WARN__DUPLICATE_METHOD_MATCH = YES;
				"CODE_SIGN_IDENTITY[sdk=iphoneos*]" = "iPhone Developer";
				COPY_PHASE_STRIP = NO;
				DEBUG_INFORMATION_FORMAT = "dwarf-with-dsym";
				ENABLE_NS_ASSERTIONS = NO;
				ENABLE_STRICT_OBJC_MSGSEND = YES;
				GCC_C_LANGUAGE_STANDARD = gnu99;
				GCC_NO_COMMON_BLOCKS = YES;
				GCC_WARN_64_TO_32_BIT_CONVERSION = YES;
				GCC_WARN_ABOUT_RETURN_TYPE = YES_ERROR;
				GCC_WARN_UNDECLARED_SELECTOR = YES;
				GCC_WARN_UNINITIALIZED_AUTOS = YES_AGGRESSIVE;
				GCC_WARN_UNUSED_FUNCTION = YES;
				GCC_WARN_UNUSED_VARIABLE = YES;
				IPHONEOS_DEPLOYMENT_TARGET = 10.3;
				MTL_ENABLE_DEBUG_INFO = NO;
				SDKROOT = iphoneos;
				TARGETED_DEVICE_FAMILY = "1,2";
				VALIDATE_PRODUCT = YES;
			};
			name = Release;
		};
		F04ECC321E8E1E5E0024A74B /* Debug */ = {
			isa = XCBuildConfiguration;
			baseConfigurationReference = 582361B2DDE14AB37544FE7A /* Pods-U咪兔.debug.xcconfig */;
			buildSettings = {
				ASSETCATALOG_COMPILER_APPICON_NAME = AppIcon;
				DEVELOPMENT_TEAM = 6F2P7ZWTTE;
				FRAMEWORK_SEARCH_PATHS = (
					"$(inherited)",
					"$(PROJECT_DIR)",
				);
				GCC_INPUT_FILETYPE = automatic;
				GCC_PRECOMPILE_PREFIX_HEADER = YES;
				GCC_PREFIX_HEADER = "$(SRCROOT)/U咪兔/Support/UMT-Prefix.pch";
				INFOPLIST_FILE = "U咪兔/Info.plist";
				IPHONEOS_DEPLOYMENT_TARGET = 10.0;
				LD_RUNPATH_SEARCH_PATHS = "$(inherited) @executable_path/Frameworks";
				OTHER_LDFLAGS = (
					"$(inherited)",
					"-ObjC",
					"-l\"AFNetworking\"",
					"-l\"FMDB\"",
					"-l\"MBProgressHUD\"",
					"-l\"MJRefresh\"",
					"-l\"Masonry\"",
					"-l\"SDWebImage\"",
					"-l\"YYModel\"",
					"-l\"YYText\"",
					"-l\"crypto\"",
					"-l\"sqlite3\"",
					"-l\"sqlite3.0\"",
					"-l\"ssl\"",
					"-l\"stdc++.6.0.9\"",
					"-framework",
					"\"Accelerate\"",
					"-framework",
					"\"BaiduMapAPI_Base\"",
					"-framework",
					"\"BaiduMapAPI_Cloud\"",
					"-framework",
					"\"BaiduMapAPI_Location\"",
					"-framework",
					"\"BaiduMapAPI_Map\"",
					"-framework",
					"\"BaiduMapAPI_Radar\"",
					"-framework",
					"\"BaiduMapAPI_Search\"",
					"-framework",
					"\"BaiduMapAPI_Utils\"",
					"-framework",
					"\"CoreFoundation\"",
					"-framework",
					"\"CoreGraphics\"",
					"-framework",
					"\"CoreLocation\"",
					"-framework",
					"\"CoreTelephony\"",
					"-framework",
					"\"CoreText\"",
					"-framework",
					"\"Foundation\"",
					"-framework",
					"\"ImageIO\"",
					"-framework",
					"\"MobileCoreServices\"",
					"-framework",
					"\"OpenGLES\"",
					"-framework",
					"\"QuartzCore\"",
					"-framework",
					"\"Security\"",
					"-framework",
					"\"SystemConfiguration\"",
					"-framework",
					"\"UIKit\"",
				);
				PRODUCT_BUNDLE_IDENTIFIER = com.tanpei.meetyou;
				PRODUCT_NAME = "$(TARGET_NAME)";
			};
			name = Debug;
		};
		F04ECC331E8E1E5E0024A74B /* Release */ = {
			isa = XCBuildConfiguration;
			baseConfigurationReference = 51581DC4010D3FC891B900BC /* Pods-U咪兔.release.xcconfig */;
			buildSettings = {
				ASSETCATALOG_COMPILER_APPICON_NAME = AppIcon;
				DEVELOPMENT_TEAM = 6F2P7ZWTTE;
				FRAMEWORK_SEARCH_PATHS = (
					"$(inherited)",
					"$(PROJECT_DIR)",
				);
				GCC_INPUT_FILETYPE = automatic;
				GCC_PRECOMPILE_PREFIX_HEADER = YES;
				GCC_PREFIX_HEADER = "$(SRCROOT)/U咪兔/Support/UMT-Prefix.pch";
				INFOPLIST_FILE = "U咪兔/Info.plist";
				IPHONEOS_DEPLOYMENT_TARGET = 10.0;
				LD_RUNPATH_SEARCH_PATHS = "$(inherited) @executable_path/Frameworks";
				OTHER_LDFLAGS = (
					"$(inherited)",
					"-ObjC",
					"-l\"AFNetworking\"",
					"-l\"FMDB\"",
					"-l\"MBProgressHUD\"",
					"-l\"MJRefresh\"",
					"-l\"Masonry\"",
					"-l\"SDWebImage\"",
					"-l\"YYModel\"",
					"-l\"YYText\"",
					"-l\"crypto\"",
					"-l\"sqlite3\"",
					"-l\"sqlite3.0\"",
					"-l\"ssl\"",
					"-l\"stdc++.6.0.9\"",
					"-framework",
					"\"Accelerate\"",
					"-framework",
					"\"BaiduMapAPI_Base\"",
					"-framework",
					"\"BaiduMapAPI_Cloud\"",
					"-framework",
					"\"BaiduMapAPI_Location\"",
					"-framework",
					"\"BaiduMapAPI_Map\"",
					"-framework",
					"\"BaiduMapAPI_Radar\"",
					"-framework",
					"\"BaiduMapAPI_Search\"",
					"-framework",
					"\"BaiduMapAPI_Utils\"",
					"-framework",
					"\"CoreFoundation\"",
					"-framework",
					"\"CoreGraphics\"",
					"-framework",
					"\"CoreLocation\"",
					"-framework",
					"\"CoreTelephony\"",
					"-framework",
					"\"CoreText\"",
					"-framework",
					"\"Foundation\"",
					"-framework",
					"\"ImageIO\"",
					"-framework",
					"\"MobileCoreServices\"",
					"-framework",
					"\"OpenGLES\"",
					"-framework",
					"\"QuartzCore\"",
					"-framework",
					"\"Security\"",
					"-framework",
					"\"SystemConfiguration\"",
					"-framework",
					"\"UIKit\"",
				);
				PRODUCT_BUNDLE_IDENTIFIER = com.tanpei.meetyou;
				PRODUCT_NAME = "$(TARGET_NAME)";
			};
			name = Release;
		};
/* End XCBuildConfiguration section */

/* Begin XCConfigurationList section */
		F04ECC151E8E1E5E0024A74B /* Build configuration list for PBXProject "U咪兔" */ = {
			isa = XCConfigurationList;
			buildConfigurations = (
				F04ECC2F1E8E1E5E0024A74B /* Debug */,
				F04ECC301E8E1E5E0024A74B /* Release */,
			);
			defaultConfigurationIsVisible = 0;
			defaultConfigurationName = Release;
		};
		F04ECC311E8E1E5E0024A74B /* Build configuration list for PBXNativeTarget "U咪兔" */ = {
			isa = XCConfigurationList;
			buildConfigurations = (
				F04ECC321E8E1E5E0024A74B /* Debug */,
				F04ECC331E8E1E5E0024A74B /* Release */,
			);
			defaultConfigurationIsVisible = 0;
			defaultConfigurationName = Release;
		};
/* End XCConfigurationList section */
	};
	rootObject = F04ECC121E8E1E5E0024A74B /* Project object */;
}
